{
  "object": {
    "pins": [
      {
        "package": "MagazineLayout",
        "repositoryURL": "https://github.com/airbnb/MagazineLayout",
        "state": {
          "branch": null,
          "revision": "61fd38f770fb1b635fe486a6670381061424ff80",
          "version": null
        }
      },
      {
        "package": "SwipeCellKit",
        "repositoryURL": "https://github.com/SwipeCellKit/SwipeCellKit",
        "state": {
          "branch": null,
          "revision": "7219cad3098637176ace311510d11467dbfb9bb0",
          "version": "2.7.1"
        }
      }
    ]
  },
  "version": 1
}
