// !$*UTF8*$!
{
	archiveVersion = 1;
	classes = {
	};
	objectVersion = 50;
	objects = {

/* Begin PBXBuildFile section */
		6B1BE6B722E5CA0D0054DB46 /* ComponentRenderable.swift in Sources */ = {isa = PBXBuildFile; fileRef = 6B1BE6B622E5CA0D0054DB46 /* ComponentRenderable.swift */; };
		6B37B2F52320339300A80D62 /* IdentifiedComponentWrapper.swift in Sources */ = {isa = PBXBuildFile; fileRef = 6B37B2F32320339300A80D62 /* IdentifiedComponentWrapper.swift */; };
		6B37B2F62320339300A80D62 /* ComponentWrapping.swift in Sources */ = {isa = PBXBuildFile; fileRef = 6B37B2F42320339300A80D62 /* ComponentWrapping.swift */; };
		6B4B11AD2322E62A00D2E7E0 /* Group.swift in Sources */ = {isa = PBXBuildFile; fileRef = 6B4B11AC2322E62A00D2E7E0 /* Group.swift */; };
		6B5304532201EDB200A3E21E /* DataChangeset.swift in Sources */ = {isa = PBXBuildFile; fileRef = 6B5304522201EDB200A3E21E /* DataChangeset.swift */; };
		6B6594A421E2532100291AAF /* IdentifiableComponent.swift in Sources */ = {isa = PBXBuildFile; fileRef = 6B65948621E2532100291AAF /* IdentifiableComponent.swift */; };
		6B6594A621E2532100291AAF /* UICollectionViewAdapter.swift in Sources */ = {isa = PBXBuildFile; fileRef = 6B65948A21E2532100291AAF /* UICollectionViewAdapter.swift */; };
		6B6594A721E2532100291AAF /* UITableViewAdapter.swift in Sources */ = {isa = PBXBuildFile; fileRef = 6B65948B21E2532100291AAF /* UITableViewAdapter.swift */; };
		6B6594A921E2532100291AAF /* Adapter.swift in Sources */ = {isa = PBXBuildFile; fileRef = 6B65948D21E2532100291AAF /* Adapter.swift */; };
		6B6594AB21E2532100291AAF /* UICollectionViewFlowLayoutAdapter.swift in Sources */ = {isa = PBXBuildFile; fileRef = 6B65948F21E2532100291AAF /* UICollectionViewFlowLayoutAdapter.swift */; };
		6B6594AC21E2532100291AAF /* Section.swift in Sources */ = {isa = PBXBuildFile; fileRef = 6B65949021E2532100291AAF /* Section.swift */; };
		6B6594AD21E2532100291AAF /* ViewNode.swift in Sources */ = {isa = PBXBuildFile; fileRef = 6B65949121E2532100291AAF /* ViewNode.swift */; };
		6B6594AE21E2532100291AAF /* UITableViewUpdater.swift in Sources */ = {isa = PBXBuildFile; fileRef = 6B65949321E2532100291AAF /* UITableViewUpdater.swift */; };
		6B6594AF21E2532100291AAF /* UITableViewReloadDataUpdater.swift in Sources */ = {isa = PBXBuildFile; fileRef = 6B65949421E2532100291AAF /* UITableViewReloadDataUpdater.swift */; };
		6B6594B021E2532100291AAF /* Updater.swift in Sources */ = {isa = PBXBuildFile; fileRef = 6B65949521E2532100291AAF /* Updater.swift */; };
		6B6594B121E2532100291AAF /* UICollectionViewReloadDataUpdater.swift in Sources */ = {isa = PBXBuildFile; fileRef = 6B65949621E2532100291AAF /* UICollectionViewReloadDataUpdater.swift */; };
		6B6594B221E2532100291AAF /* UICollectionViewUpdater.swift in Sources */ = {isa = PBXBuildFile; fileRef = 6B65949721E2532100291AAF /* UICollectionViewUpdater.swift */; };
		6B6594B321E2532100291AAF /* CellNode.swift in Sources */ = {isa = PBXBuildFile; fileRef = 6B65949821E2532100291AAF /* CellNode.swift */; };
		6B6594B421E2532100291AAF /* Component.swift in Sources */ = {isa = PBXBuildFile; fileRef = 6B65949921E2532100291AAF /* Component.swift */; };
		6B6594B521E2532100291AAF /* AnyComponent.swift in Sources */ = {isa = PBXBuildFile; fileRef = 6B65949A21E2532100291AAF /* AnyComponent.swift */; };
		6B6594B821E2532100291AAF /* UICollectionComponentReusableView.swift in Sources */ = {isa = PBXBuildFile; fileRef = 6B65949E21E2532100291AAF /* UICollectionComponentReusableView.swift */; };
		6B6594B921E2532100291AAF /* UITableViewComponentCell.swift in Sources */ = {isa = PBXBuildFile; fileRef = 6B65949F21E2532100291AAF /* UITableViewComponentCell.swift */; };
		6B6594BA21E2532100291AAF /* UICollectionViewComponentCell.swift in Sources */ = {isa = PBXBuildFile; fileRef = 6B6594A021E2532100291AAF /* UICollectionViewComponentCell.swift */; };
		6B6594BB21E2532100291AAF /* UITableViewComponentHeaderFooterView.swift in Sources */ = {isa = PBXBuildFile; fileRef = 6B6594A121E2532100291AAF /* UITableViewComponentHeaderFooterView.swift */; };
		6B6594BD21E2532100291AAF /* Renderer.swift in Sources */ = {isa = PBXBuildFile; fileRef = 6B6594A321E2532100291AAF /* Renderer.swift */; };
		6B6594C221E2599600291AAF /* DifferenceKit.framework in Frameworks */ = {isa = PBXBuildFile; fileRef = 6B6594C121E2599600291AAF /* DifferenceKit.framework */; };
		6B6F25BF22EE201F009C3029 /* MockCustomXibTableViewCell.xib in Resources */ = {isa = PBXBuildFile; fileRef = 6B6F25BE22EE201F009C3029 /* MockCustomXibTableViewCell.xib */; };
		6B6F25C122EE234F009C3029 /* MockCustomXibCollectionViewCell.xib in Resources */ = {isa = PBXBuildFile; fileRef = 6B6F25C022EE234F009C3029 /* MockCustomXibCollectionViewCell.xib */; };
		6B6F25C322EE25A2009C3029 /* MockCustomXibTableViewHeaderFooterView.xib in Resources */ = {isa = PBXBuildFile; fileRef = 6B6F25C222EE25A2009C3029 /* MockCustomXibTableViewHeaderFooterView.xib */; };
		6B6F25C522EE267E009C3029 /* MockCustomXibCollectionViewReusableView.xib in Resources */ = {isa = PBXBuildFile; fileRef = 6B6F25C422EE267E009C3029 /* MockCustomXibCollectionViewReusableView.xib */; };
		6B7ADEB121F783E3003803BE /* ComponentTests.swift in Sources */ = {isa = PBXBuildFile; fileRef = 6B7ADEB021F783E3003803BE /* ComponentTests.swift */; };
		6B7ADEB321F783E3003803BE /* Carbon.framework in Frameworks */ = {isa = PBXBuildFile; fileRef = 6B65947A21E252E300291AAF /* Carbon.framework */; };
		6B7ADEBA21F78957003803BE /* TestTools.swift in Sources */ = {isa = PBXBuildFile; fileRef = 6B7ADEB921F78957003803BE /* TestTools.swift */; };
		6B7ADEBC21F8B464003803BE /* AnyComponentTests.swift in Sources */ = {isa = PBXBuildFile; fileRef = 6B7ADEBB21F8B464003803BE /* AnyComponentTests.swift */; };
		6B7ADEBE21F8BF89003803BE /* ViewNodeTests.swift in Sources */ = {isa = PBXBuildFile; fileRef = 6B7ADEBD21F8BF89003803BE /* ViewNodeTests.swift */; };
		6B7ADEC021F8C651003803BE /* CellNodeTests.swift in Sources */ = {isa = PBXBuildFile; fileRef = 6B7ADEBF21F8C651003803BE /* CellNodeTests.swift */; };
		6B7ADEC221F8C976003803BE /* SectionTests.swift in Sources */ = {isa = PBXBuildFile; fileRef = 6B7ADEC121F8C976003803BE /* SectionTests.swift */; };
		6B7ADEC721F9F8F8003803BE /* IdentifiableComponentTests.swift in Sources */ = {isa = PBXBuildFile; fileRef = 6B7ADEC621F9F8F8003803BE /* IdentifiableComponentTests.swift */; };
		6B7ADEC921F9F9A6003803BE /* RendererTests.swift in Sources */ = {isa = PBXBuildFile; fileRef = 6B7ADEC821F9F9A6003803BE /* RendererTests.swift */; };
		6B7ADECC21FA067E003803BE /* UITableViewAdapterTests.swift in Sources */ = {isa = PBXBuildFile; fileRef = 6B7ADECB21FA067E003803BE /* UITableViewAdapterTests.swift */; };
		6B7ADECE21FA1B32003803BE /* UICollectionViewFlowLayoutAdapterTests.swift in Sources */ = {isa = PBXBuildFile; fileRef = 6B7ADECD21FA1B32003803BE /* UICollectionViewFlowLayoutAdapterTests.swift */; };
		6B7ADED821FB5976003803BE /* UITableViewUpdaterTests.swift in Sources */ = {isa = PBXBuildFile; fileRef = 6B7ADED721FB5976003803BE /* UITableViewUpdaterTests.swift */; };
		6B7ADEDA21FB909E003803BE /* UITableViewReloadDataUpdaterTests.swift in Sources */ = {isa = PBXBuildFile; fileRef = 6B7ADED921FB909E003803BE /* UITableViewReloadDataUpdaterTests.swift */; };
		6B7ADEDC21FB91FF003803BE /* UICollectionViewUpdaterTests.swift in Sources */ = {isa = PBXBuildFile; fileRef = 6B7ADEDB21FB91FF003803BE /* UICollectionViewUpdaterTests.swift */; };
		6B7ADEDE21FBA59D003803BE /* UICollectionViewReloadDataTests.swift in Sources */ = {isa = PBXBuildFile; fileRef = 6B7ADEDD21FBA59D003803BE /* UICollectionViewReloadDataTests.swift */; };
		6B7ADEE121FBA6D1003803BE /* ComponentContainerElementTests.swift in Sources */ = {isa = PBXBuildFile; fileRef = 6B7ADEE021FBA6D1003803BE /* ComponentContainerElementTests.swift */; };
		6B7EED9E224CA5DD00060872 /* UIScrollViewExtensions.swift in Sources */ = {isa = PBXBuildFile; fileRef = 6B7EED9D224CA5DD00060872 /* UIScrollViewExtensions.swift */; };
		6B7EEDA0224CE4E100060872 /* UIScrollViewExtensionsTests.swift in Sources */ = {isa = PBXBuildFile; fileRef = 6B7EED9F224CE4E000060872 /* UIScrollViewExtensionsTests.swift */; };
		6BAEA43D228D4E920026F81E /* RuntimeAssociation.swift in Sources */ = {isa = PBXBuildFile; fileRef = 6BAEA43C228D4E920026F81E /* RuntimeAssociation.swift */; };
		6BC83E4B231ED14700350855 /* CellsBuilder.swift in Sources */ = {isa = PBXBuildFile; fileRef = 6BC83E4A231ED14600350855 /* CellsBuilder.swift */; };
		6BC83E4D231ED17300350855 /* CellsBuildable.swift in Sources */ = {isa = PBXBuildFile; fileRef = 6BC83E4C231ED17300350855 /* CellsBuildable.swift */; };
		6BC83E51231ED21700350855 /* SectionsBuilder.swift in Sources */ = {isa = PBXBuildFile; fileRef = 6BC83E50231ED21700350855 /* SectionsBuilder.swift */; };
		6BC83E53231ED42C00350855 /* SectionsBuildable.swift in Sources */ = {isa = PBXBuildFile; fileRef = 6BC83E52231ED42C00350855 /* SectionsBuildable.swift */; };
/* End PBXBuildFile section */

/* Begin PBXContainerItemProxy section */
		6B7ADEB421F783E3003803BE /* PBXContainerItemProxy */ = {
			isa = PBXContainerItemProxy;
			containerPortal = 6B65947121E252E300291AAF /* Project object */;
			proxyType = 1;
			remoteGlobalIDString = 6B65947921E252E300291AAF;
			remoteInfo = Carbon;
		};
/* End PBXContainerItemProxy section */

/* Begin PBXFileReference section */
		6B1BE6B622E5CA0D0054DB46 /* ComponentRenderable.swift */ = {isa = PBXFileReference; fileEncoding = 4; lastKnownFileType = sourcecode.swift; path = ComponentRenderable.swift; sourceTree = "<group>"; };
		6B37B2F32320339300A80D62 /* IdentifiedComponentWrapper.swift */ = {isa = PBXFileReference; fileEncoding = 4; lastKnownFileType = sourcecode.swift; path = IdentifiedComponentWrapper.swift; sourceTree = "<group>"; };
		6B37B2F42320339300A80D62 /* ComponentWrapping.swift */ = {isa = PBXFileReference; fileEncoding = 4; lastKnownFileType = sourcecode.swift; path = ComponentWrapping.swift; sourceTree = "<group>"; };
		6B4B11AC2322E62A00D2E7E0 /* Group.swift */ = {isa = PBXFileReference; fileEncoding = 4; lastKnownFileType = sourcecode.swift; path = Group.swift; sourceTree = "<group>"; };
		6B5304522201EDB200A3E21E /* DataChangeset.swift */ = {isa = PBXFileReference; lastKnownFileType = sourcecode.swift; path = DataChangeset.swift; sourceTree = "<group>"; };
		6B65947A21E252E300291AAF /* Carbon.framework */ = {isa = PBXFileReference; explicitFileType = wrapper.framework; includeInIndex = 0; path = Carbon.framework; sourceTree = BUILT_PRODUCTS_DIR; };
		6B65948621E2532100291AAF /* IdentifiableComponent.swift */ = {isa = PBXFileReference; fileEncoding = 4; lastKnownFileType = sourcecode.swift; path = IdentifiableComponent.swift; sourceTree = "<group>"; };
		6B65948A21E2532100291AAF /* UICollectionViewAdapter.swift */ = {isa = PBXFileReference; fileEncoding = 4; lastKnownFileType = sourcecode.swift; path = UICollectionViewAdapter.swift; sourceTree = "<group>"; };
		6B65948B21E2532100291AAF /* UITableViewAdapter.swift */ = {isa = PBXFileReference; fileEncoding = 4; lastKnownFileType = sourcecode.swift; path = UITableViewAdapter.swift; sourceTree = "<group>"; };
		6B65948D21E2532100291AAF /* Adapter.swift */ = {isa = PBXFileReference; fileEncoding = 4; lastKnownFileType = sourcecode.swift; path = Adapter.swift; sourceTree = "<group>"; };
		6B65948F21E2532100291AAF /* UICollectionViewFlowLayoutAdapter.swift */ = {isa = PBXFileReference; fileEncoding = 4; lastKnownFileType = sourcecode.swift; path = UICollectionViewFlowLayoutAdapter.swift; sourceTree = "<group>"; };
		6B65949021E2532100291AAF /* Section.swift */ = {isa = PBXFileReference; fileEncoding = 4; lastKnownFileType = sourcecode.swift; path = Section.swift; sourceTree = "<group>"; };
		6B65949121E2532100291AAF /* ViewNode.swift */ = {isa = PBXFileReference; fileEncoding = 4; lastKnownFileType = sourcecode.swift; path = ViewNode.swift; sourceTree = "<group>"; };
		6B65949321E2532100291AAF /* UITableViewUpdater.swift */ = {isa = PBXFileReference; fileEncoding = 4; lastKnownFileType = sourcecode.swift; path = UITableViewUpdater.swift; sourceTree = "<group>"; };
		6B65949421E2532100291AAF /* UITableViewReloadDataUpdater.swift */ = {isa = PBXFileReference; fileEncoding = 4; lastKnownFileType = sourcecode.swift; path = UITableViewReloadDataUpdater.swift; sourceTree = "<group>"; };
		6B65949521E2532100291AAF /* Updater.swift */ = {isa = PBXFileReference; fileEncoding = 4; lastKnownFileType = sourcecode.swift; path = Updater.swift; sourceTree = "<group>"; };
		6B65949621E2532100291AAF /* UICollectionViewReloadDataUpdater.swift */ = {isa = PBXFileReference; fileEncoding = 4; lastKnownFileType = sourcecode.swift; path = UICollectionViewReloadDataUpdater.swift; sourceTree = "<group>"; };
		6B65949721E2532100291AAF /* UICollectionViewUpdater.swift */ = {isa = PBXFileReference; fileEncoding = 4; lastKnownFileType = sourcecode.swift; path = UICollectionViewUpdater.swift; sourceTree = "<group>"; };
		6B65949821E2532100291AAF /* CellNode.swift */ = {isa = PBXFileReference; fileEncoding = 4; lastKnownFileType = sourcecode.swift; path = CellNode.swift; sourceTree = "<group>"; };
		6B65949921E2532100291AAF /* Component.swift */ = {isa = PBXFileReference; fileEncoding = 4; lastKnownFileType = sourcecode.swift; path = Component.swift; sourceTree = "<group>"; };
		6B65949A21E2532100291AAF /* AnyComponent.swift */ = {isa = PBXFileReference; fileEncoding = 4; lastKnownFileType = sourcecode.swift; path = AnyComponent.swift; sourceTree = "<group>"; };
		6B65949C21E2532100291AAF /* Info.plist */ = {isa = PBXFileReference; fileEncoding = 4; lastKnownFileType = text.plist.xml; path = Info.plist; sourceTree = "<group>"; };
		6B65949E21E2532100291AAF /* UICollectionComponentReusableView.swift */ = {isa = PBXFileReference; fileEncoding = 4; lastKnownFileType = sourcecode.swift; path = UICollectionComponentReusableView.swift; sourceTree = "<group>"; };
		6B65949F21E2532100291AAF /* UITableViewComponentCell.swift */ = {isa = PBXFileReference; fileEncoding = 4; lastKnownFileType = sourcecode.swift; path = UITableViewComponentCell.swift; sourceTree = "<group>"; };
		6B6594A021E2532100291AAF /* UICollectionViewComponentCell.swift */ = {isa = PBXFileReference; fileEncoding = 4; lastKnownFileType = sourcecode.swift; path = UICollectionViewComponentCell.swift; sourceTree = "<group>"; };
		6B6594A121E2532100291AAF /* UITableViewComponentHeaderFooterView.swift */ = {isa = PBXFileReference; fileEncoding = 4; lastKnownFileType = sourcecode.swift; path = UITableViewComponentHeaderFooterView.swift; sourceTree = "<group>"; };
		6B6594A321E2532100291AAF /* Renderer.swift */ = {isa = PBXFileReference; fileEncoding = 4; lastKnownFileType = sourcecode.swift; path = Renderer.swift; sourceTree = "<group>"; };
		6B6594BF21E2534B00291AAF /* Carbon.xcconfig */ = {isa = PBXFileReference; lastKnownFileType = text.xcconfig; path = Carbon.xcconfig; sourceTree = "<group>"; };
		6B6594C121E2599600291AAF /* DifferenceKit.framework */ = {isa = PBXFileReference; explicitFileType = wrapper.framework; path = DifferenceKit.framework; sourceTree = BUILT_PRODUCTS_DIR; };
		6B6F25BE22EE201F009C3029 /* MockCustomXibTableViewCell.xib */ = {isa = PBXFileReference; lastKnownFileType = file.xib; path = MockCustomXibTableViewCell.xib; sourceTree = "<group>"; };
		6B6F25C022EE234F009C3029 /* MockCustomXibCollectionViewCell.xib */ = {isa = PBXFileReference; lastKnownFileType = file.xib; path = MockCustomXibCollectionViewCell.xib; sourceTree = "<group>"; };
		6B6F25C222EE25A2009C3029 /* MockCustomXibTableViewHeaderFooterView.xib */ = {isa = PBXFileReference; lastKnownFileType = file.xib; path = MockCustomXibTableViewHeaderFooterView.xib; sourceTree = "<group>"; };
		6B6F25C422EE267E009C3029 /* MockCustomXibCollectionViewReusableView.xib */ = {isa = PBXFileReference; lastKnownFileType = file.xib; path = MockCustomXibCollectionViewReusableView.xib; sourceTree = "<group>"; };
		6B7ADEAE21F783E3003803BE /* Tests.xctest */ = {isa = PBXFileReference; explicitFileType = wrapper.cfbundle; includeInIndex = 0; path = Tests.xctest; sourceTree = BUILT_PRODUCTS_DIR; };
		6B7ADEB021F783E3003803BE /* ComponentTests.swift */ = {isa = PBXFileReference; lastKnownFileType = sourcecode.swift; path = ComponentTests.swift; sourceTree = "<group>"; };
		6B7ADEB221F783E3003803BE /* Info.plist */ = {isa = PBXFileReference; lastKnownFileType = text.plist.xml; path = Info.plist; sourceTree = "<group>"; };
		6B7ADEB921F78957003803BE /* TestTools.swift */ = {isa = PBXFileReference; lastKnownFileType = sourcecode.swift; path = TestTools.swift; sourceTree = "<group>"; };
		6B7ADEBB21F8B464003803BE /* AnyComponentTests.swift */ = {isa = PBXFileReference; lastKnownFileType = sourcecode.swift; path = AnyComponentTests.swift; sourceTree = "<group>"; };
		6B7ADEBD21F8BF89003803BE /* ViewNodeTests.swift */ = {isa = PBXFileReference; lastKnownFileType = sourcecode.swift; path = ViewNodeTests.swift; sourceTree = "<group>"; };
		6B7ADEBF21F8C651003803BE /* CellNodeTests.swift */ = {isa = PBXFileReference; lastKnownFileType = sourcecode.swift; path = CellNodeTests.swift; sourceTree = "<group>"; };
		6B7ADEC121F8C976003803BE /* SectionTests.swift */ = {isa = PBXFileReference; lastKnownFileType = sourcecode.swift; path = SectionTests.swift; sourceTree = "<group>"; };
		6B7ADEC621F9F8F8003803BE /* IdentifiableComponentTests.swift */ = {isa = PBXFileReference; lastKnownFileType = sourcecode.swift; path = IdentifiableComponentTests.swift; sourceTree = "<group>"; };
		6B7ADEC821F9F9A6003803BE /* RendererTests.swift */ = {isa = PBXFileReference; lastKnownFileType = sourcecode.swift; path = RendererTests.swift; sourceTree = "<group>"; };
		6B7ADECB21FA067E003803BE /* UITableViewAdapterTests.swift */ = {isa = PBXFileReference; lastKnownFileType = sourcecode.swift; path = UITableViewAdapterTests.swift; sourceTree = "<group>"; };
		6B7ADECD21FA1B32003803BE /* UICollectionViewFlowLayoutAdapterTests.swift */ = {isa = PBXFileReference; lastKnownFileType = sourcecode.swift; path = UICollectionViewFlowLayoutAdapterTests.swift; sourceTree = "<group>"; };
		6B7ADED721FB5976003803BE /* UITableViewUpdaterTests.swift */ = {isa = PBXFileReference; lastKnownFileType = sourcecode.swift; path = UITableViewUpdaterTests.swift; sourceTree = "<group>"; };
		6B7ADED921FB909E003803BE /* UITableViewReloadDataUpdaterTests.swift */ = {isa = PBXFileReference; lastKnownFileType = sourcecode.swift; path = UITableViewReloadDataUpdaterTests.swift; sourceTree = "<group>"; };
		6B7ADEDB21FB91FF003803BE /* UICollectionViewUpdaterTests.swift */ = {isa = PBXFileReference; lastKnownFileType = sourcecode.swift; path = UICollectionViewUpdaterTests.swift; sourceTree = "<group>"; };
		6B7ADEDD21FBA59D003803BE /* UICollectionViewReloadDataTests.swift */ = {isa = PBXFileReference; lastKnownFileType = sourcecode.swift; path = UICollectionViewReloadDataTests.swift; sourceTree = "<group>"; };
		6B7ADEE021FBA6D1003803BE /* ComponentContainerElementTests.swift */ = {isa = PBXFileReference; lastKnownFileType = sourcecode.swift; path = ComponentContainerElementTests.swift; sourceTree = "<group>"; };
		6B7EED9D224CA5DD00060872 /* UIScrollViewExtensions.swift */ = {isa = PBXFileReference; lastKnownFileType = sourcecode.swift; path = UIScrollViewExtensions.swift; sourceTree = "<group>"; };
		6B7EED9F224CE4E000060872 /* UIScrollViewExtensionsTests.swift */ = {isa = PBXFileReference; lastKnownFileType = sourcecode.swift; path = UIScrollViewExtensionsTests.swift; sourceTree = "<group>"; };
		6BAEA43C228D4E920026F81E /* RuntimeAssociation.swift */ = {isa = PBXFileReference; lastKnownFileType = sourcecode.swift; path = RuntimeAssociation.swift; sourceTree = "<group>"; };
		6BC83E4A231ED14600350855 /* CellsBuilder.swift */ = {isa = PBXFileReference; fileEncoding = 4; lastKnownFileType = sourcecode.swift; path = CellsBuilder.swift; sourceTree = "<group>"; };
		6BC83E4C231ED17300350855 /* CellsBuildable.swift */ = {isa = PBXFileReference; fileEncoding = 4; lastKnownFileType = sourcecode.swift; path = CellsBuildable.swift; sourceTree = "<group>"; };
		6BC83E50231ED21700350855 /* SectionsBuilder.swift */ = {isa = PBXFileReference; lastKnownFileType = sourcecode.swift; path = SectionsBuilder.swift; sourceTree = "<group>"; };
		6BC83E52231ED42C00350855 /* SectionsBuildable.swift */ = {isa = PBXFileReference; lastKnownFileType = sourcecode.swift; path = SectionsBuildable.swift; sourceTree = "<group>"; };
/* End PBXFileReference section */

/* Begin PBXFrameworksBuildPhase section */
		6B65947721E252E300291AAF /* Frameworks */ = {
			isa = PBXFrameworksBuildPhase;
			buildActionMask = 2147483647;
			files = (
				6B6594C221E2599600291AAF /* DifferenceKit.framework in Frameworks */,
			);
			runOnlyForDeploymentPostprocessing = 0;
		};
		6B7ADEAB21F783E3003803BE /* Frameworks */ = {
			isa = PBXFrameworksBuildPhase;
			buildActionMask = 2147483647;
			files = (
				6B7ADEB321F783E3003803BE /* Carbon.framework in Frameworks */,
			);
			runOnlyForDeploymentPostprocessing = 0;
		};
/* End PBXFrameworksBuildPhase section */

/* Begin PBXGroup section */
		6B65947021E252E300291AAF = {
			isa = PBXGroup;
			children = (
				6B65948521E2532100291AAF /* Sources */,
				6B7ADEAF21F783E3003803BE /* Tests */,
				6B6594BE21E2534B00291AAF /* XCConfigs */,
				6B65947B21E252E300291AAF /* Products */,
				6B6594C021E2599600291AAF /* Frameworks */,
			);
			sourceTree = "<group>";
		};
		6B65947B21E252E300291AAF /* Products */ = {
			isa = PBXGroup;
			children = (
				6B65947A21E252E300291AAF /* Carbon.framework */,
				6B7ADEAE21F783E3003803BE /* Tests.xctest */,
			);
			name = Products;
			sourceTree = "<group>";
		};
		6B65948521E2532100291AAF /* Sources */ = {
			isa = PBXGroup;
			children = (
				6B65949921E2532100291AAF /* Component.swift */,
				6B65948621E2532100291AAF /* IdentifiableComponent.swift */,
				6B65949A21E2532100291AAF /* AnyComponent.swift */,
				6B65949121E2532100291AAF /* ViewNode.swift */,
				6B65949821E2532100291AAF /* CellNode.swift */,
				6B65949021E2532100291AAF /* Section.swift */,
				6B6594A321E2532100291AAF /* Renderer.swift */,
				6B5304522201EDB200A3E21E /* DataChangeset.swift */,
				6BC83E47231ECE5000350855 /* FunctionBuilder */,
				6B65948921E2532100291AAF /* Adapters */,
				6B65949221E2532100291AAF /* Updaters */,
				6B65949D21E2532100291AAF /* Interfaces */,
				6B65948721E2532100291AAF /* Internal */,
				6B65949C21E2532100291AAF /* Info.plist */,
			);
			path = Sources;
			sourceTree = "<group>";
		};
		6B65948721E2532100291AAF /* Internal */ = {
			isa = PBXGroup;
			children = (
				6BAEA43C228D4E920026F81E /* RuntimeAssociation.swift */,
				6B7EED9D224CA5DD00060872 /* UIScrollViewExtensions.swift */,
			);
			path = Internal;
			sourceTree = "<group>";
		};
		6B65948921E2532100291AAF /* Adapters */ = {
			isa = PBXGroup;
			children = (
				6B65948D21E2532100291AAF /* Adapter.swift */,
				6B65948B21E2532100291AAF /* UITableViewAdapter.swift */,
				6B65948A21E2532100291AAF /* UICollectionViewAdapter.swift */,
				6B65948F21E2532100291AAF /* UICollectionViewFlowLayoutAdapter.swift */,
			);
			path = Adapters;
			sourceTree = "<group>";
		};
		6B65949221E2532100291AAF /* Updaters */ = {
			isa = PBXGroup;
			children = (
				6B65949521E2532100291AAF /* Updater.swift */,
				6B65949321E2532100291AAF /* UITableViewUpdater.swift */,
				6B65949421E2532100291AAF /* UITableViewReloadDataUpdater.swift */,
				6B65949721E2532100291AAF /* UICollectionViewUpdater.swift */,
				6B65949621E2532100291AAF /* UICollectionViewReloadDataUpdater.swift */,
			);
			path = Updaters;
			sourceTree = "<group>";
		};
		6B65949D21E2532100291AAF /* Interfaces */ = {
			isa = PBXGroup;
			children = (
				6B1BE6B622E5CA0D0054DB46 /* ComponentRenderable.swift */,
				6B65949F21E2532100291AAF /* UITableViewComponentCell.swift */,
				6B6594A121E2532100291AAF /* UITableViewComponentHeaderFooterView.swift */,
				6B6594A021E2532100291AAF /* UICollectionViewComponentCell.swift */,
				6B65949E21E2532100291AAF /* UICollectionComponentReusableView.swift */,
			);
			path = Interfaces;
			sourceTree = "<group>";
		};
		6B6594BE21E2534B00291AAF /* XCConfigs */ = {
			isa = PBXGroup;
			children = (
				6B6594BF21E2534B00291AAF /* Carbon.xcconfig */,
			);
			path = XCConfigs;
			sourceTree = "<group>";
		};
		6B6594C021E2599600291AAF /* Frameworks */ = {
			isa = PBXGroup;
			children = (
				6B6594C121E2599600291AAF /* DifferenceKit.framework */,
			);
			name = Frameworks;
			sourceTree = "<group>";
		};
		6B7ADEAF21F783E3003803BE /* Tests */ = {
			isa = PBXGroup;
			children = (
				6B7ADEB921F78957003803BE /* TestTools.swift */,
				6B7ADEB021F783E3003803BE /* ComponentTests.swift */,
				6B7ADEC621F9F8F8003803BE /* IdentifiableComponentTests.swift */,
				6B7ADEBB21F8B464003803BE /* AnyComponentTests.swift */,
				6B7ADEBD21F8BF89003803BE /* ViewNodeTests.swift */,
				6B7ADEBF21F8C651003803BE /* CellNodeTests.swift */,
				6B7ADEC121F8C976003803BE /* SectionTests.swift */,
				6B7ADEC821F9F9A6003803BE /* RendererTests.swift */,
				6B7ADECA21FA0662003803BE /* Adapters */,
				6B7ADED621FB5953003803BE /* Updater */,
				6B7ADEEC21FDB0EA003803BE /* Interfaces */,
				6B7ADEDF21FBA6AE003803BE /* Internal */,
				6B7ADEB221F783E3003803BE /* Info.plist */,
			);
			path = Tests;
			sourceTree = "<group>";
		};
		6B7ADECA21FA0662003803BE /* Adapters */ = {
			isa = PBXGroup;
			children = (
				6B7ADECB21FA067E003803BE /* UITableViewAdapterTests.swift */,
				6B7ADECD21FA1B32003803BE /* UICollectionViewFlowLayoutAdapterTests.swift */,
				6B6F25BE22EE201F009C3029 /* MockCustomXibTableViewCell.xib */,
				6B6F25C222EE25A2009C3029 /* MockCustomXibTableViewHeaderFooterView.xib */,
				6B6F25C022EE234F009C3029 /* MockCustomXibCollectionViewCell.xib */,
				6B6F25C422EE267E009C3029 /* MockCustomXibCollectionViewReusableView.xib */,
			);
			path = Adapters;
			sourceTree = "<group>";
		};
		6B7ADED621FB5953003803BE /* Updater */ = {
			isa = PBXGroup;
			children = (
				6B7ADED721FB5976003803BE /* UITableViewUpdaterTests.swift */,
				6B7ADED921FB909E003803BE /* UITableViewReloadDataUpdaterTests.swift */,
				6B7ADEDB21FB91FF003803BE /* UICollectionViewUpdaterTests.swift */,
				6B7ADEDD21FBA59D003803BE /* UICollectionViewReloadDataTests.swift */,
			);
			path = Updater;
			sourceTree = "<group>";
		};
		6B7ADEDF21FBA6AE003803BE /* Internal */ = {
			isa = PBXGroup;
			children = (
				6B7EED9F224CE4E000060872 /* UIScrollViewExtensionsTests.swift */,
			);
			path = Internal;
			sourceTree = "<group>";
		};
		6B7ADEEC21FDB0EA003803BE /* Interfaces */ = {
			isa = PBXGroup;
			children = (
				6B7ADEE021FBA6D1003803BE /* ComponentContainerElementTests.swift */,
			);
			path = Interfaces;
			sourceTree = "<group>";
		};
		6BC83E47231ECE5000350855 /* FunctionBuilder */ = {
			isa = PBXGroup;
			children = (
				6B4B11AC2322E62A00D2E7E0 /* Group.swift */,
				6BC83E4A231ED14600350855 /* CellsBuilder.swift */,
				6BC83E4C231ED17300350855 /* CellsBuildable.swift */,
				6BC83E50231ED21700350855 /* SectionsBuilder.swift */,
				6BC83E52231ED42C00350855 /* SectionsBuildable.swift */,
				6B37B2F42320339300A80D62 /* ComponentWrapping.swift */,
				6B37B2F32320339300A80D62 /* IdentifiedComponentWrapper.swift */,
			);
			path = FunctionBuilder;
			sourceTree = "<group>";
		};
/* End PBXGroup section */

/* Begin PBXHeadersBuildPhase section */
		6B65947521E252E300291AAF /* Headers */ = {
			isa = PBXHeadersBuildPhase;
			buildActionMask = 2147483647;
			files = (
			);
			runOnlyForDeploymentPostprocessing = 0;
		};
/* End PBXHeadersBuildPhase section */

/* Begin PBXNativeTarget section */
		6B65947921E252E300291AAF /* Carbon */ = {
			isa = PBXNativeTarget;
			buildConfigurationList = 6B65948221E252E300291AAF /* Build configuration list for PBXNativeTarget "Carbon" */;
			buildPhases = (
				6B65947521E252E300291AAF /* Headers */,
				6B65947621E252E300291AAF /* Sources */,
				6B65947721E252E300291AAF /* Frameworks */,
				6B65947821E252E300291AAF /* Resources */,
				6B7ADEF621FDC546003803BE /* SwiftLint */,
			);
			buildRules = (
			);
			dependencies = (
			);
			name = Carbon;
			productName = Carbon;
			productReference = 6B65947A21E252E300291AAF /* Carbon.framework */;
			productType = "com.apple.product-type.framework";
		};
		6B7ADEAD21F783E3003803BE /* Tests */ = {
			isa = PBXNativeTarget;
			buildConfigurationList = 6B7ADEB821F783E3003803BE /* Build configuration list for PBXNativeTarget "Tests" */;
			buildPhases = (
				6B7ADEAA21F783E3003803BE /* Sources */,
				6B7ADEAB21F783E3003803BE /* Frameworks */,
				6B7ADEAC21F783E3003803BE /* Resources */,
			);
			buildRules = (
			);
			dependencies = (
				6B7ADEB521F783E3003803BE /* PBXTargetDependency */,
			);
			name = Tests;
			productName = Tests;
			productReference = 6B7ADEAE21F783E3003803BE /* Tests.xctest */;
			productType = "com.apple.product-type.bundle.unit-test";
		};
/* End PBXNativeTarget section */

/* Begin PBXProject section */
		6B65947121E252E300291AAF /* Project object */ = {
			isa = PBXProject;
			attributes = {
				LastSwiftUpdateCheck = 1010;
				LastUpgradeCheck = 1010;
				ORGANIZATIONNAME = "Ryo Aoyama";
				TargetAttributes = {
					6B65947921E252E300291AAF = {
						CreatedOnToolsVersion = 10.1;
						LastSwiftMigration = 1020;
					};
					6B7ADEAD21F783E3003803BE = {
						CreatedOnToolsVersion = 10.1;
						LastSwiftMigration = 1020;
					};
				};
			};
			buildConfigurationList = 6B65947421E252E300291AAF /* Build configuration list for PBXProject "Carbon" */;
			compatibilityVersion = "Xcode 9.3";
			developmentRegion = en;
			hasScannedForEncodings = 0;
			knownRegions = (
				en,
				Base,
			);
			mainGroup = 6B65947021E252E300291AAF;
			productRefGroup = 6B65947B21E252E300291AAF /* Products */;
			projectDirPath = "";
			projectRoot = "";
			targets = (
				6B65947921E252E300291AAF /* Carbon */,
				6B7ADEAD21F783E3003803BE /* Tests */,
			);
		};
/* End PBXProject section */

/* Begin PBXResourcesBuildPhase section */
		6B65947821E252E300291AAF /* Resources */ = {
			isa = PBXResourcesBuildPhase;
			buildActionMask = 2147483647;
			files = (
			);
			runOnlyForDeploymentPostprocessing = 0;
		};
		6B7ADEAC21F783E3003803BE /* Resources */ = {
			isa = PBXResourcesBuildPhase;
			buildActionMask = 2147483647;
			files = (
				6B6F25C122EE234F009C3029 /* MockCustomXibCollectionViewCell.xib in Resources */,
				6B6F25C522EE267E009C3029 /* MockCustomXibCollectionViewReusableView.xib in Resources */,
				6B6F25C322EE25A2009C3029 /* MockCustomXibTableViewHeaderFooterView.xib in Resources */,
				6B6F25BF22EE201F009C3029 /* MockCustomXibTableViewCell.xib in Resources */,
			);
			runOnlyForDeploymentPostprocessing = 0;
		};
/* End PBXResourcesBuildPhase section */

/* Begin PBXShellScriptBuildPhase section */
		6B7ADEF621FDC546003803BE /* SwiftLint */ = {
			isa = PBXShellScriptBuildPhase;
			buildActionMask = 2147483647;
			files = (
			);
			inputFileListPaths = (
			);
			inputPaths = (
			);
			name = SwiftLint;
			outputFileListPaths = (
			);
			outputPaths = (
			);
			runOnlyForDeploymentPostprocessing = 0;
			shellPath = /bin/sh;
			shellScript = "if which swiftlint >/dev/null; then\nswiftlint --config .swiftlint.yml\nelse\necho \"warning: SwiftLint not installed, download from https://github.com/realm/SwiftLint\"\nfi\n";
		};
/* End PBXShellScriptBuildPhase section */

/* Begin PBXSourcesBuildPhase section */
		6B65947621E252E300291AAF /* Sources */ = {
			isa = PBXSourcesBuildPhase;
			buildActionMask = 2147483647;
			files = (
				6B4B11AD2322E62A00D2E7E0 /* Group.swift in Sources */,
				6B37B2F52320339300A80D62 /* IdentifiedComponentWrapper.swift in Sources */,
				6B6594BB21E2532100291AAF /* UITableViewComponentHeaderFooterView.swift in Sources */,
				6B7EED9E224CA5DD00060872 /* UIScrollViewExtensions.swift in Sources */,
				6BC83E53231ED42C00350855 /* SectionsBuildable.swift in Sources */,
				6B6594AC21E2532100291AAF /* Section.swift in Sources */,
				6BC83E4B231ED14700350855 /* CellsBuilder.swift in Sources */,
				6B6594B121E2532100291AAF /* UICollectionViewReloadDataUpdater.swift in Sources */,
				6BC83E4D231ED17300350855 /* CellsBuildable.swift in Sources */,
				6B6594B421E2532100291AAF /* Component.swift in Sources */,
				6B6594B821E2532100291AAF /* UICollectionComponentReusableView.swift in Sources */,
				6BAEA43D228D4E920026F81E /* RuntimeAssociation.swift in Sources */,
				6BC83E51231ED21700350855 /* SectionsBuilder.swift in Sources */,
				6B6594A621E2532100291AAF /* UICollectionViewAdapter.swift in Sources */,
				6B37B2F62320339300A80D62 /* ComponentWrapping.swift in Sources */,
				6B6594A921E2532100291AAF /* Adapter.swift in Sources */,
				6B6594A721E2532100291AAF /* UITableViewAdapter.swift in Sources */,
				6B6594AD21E2532100291AAF /* ViewNode.swift in Sources */,
				6B6594A421E2532100291AAF /* IdentifiableComponent.swift in Sources */,
				6B6594AF21E2532100291AAF /* UITableViewReloadDataUpdater.swift in Sources */,
				6B6594AB21E2532100291AAF /* UICollectionViewFlowLayoutAdapter.swift in Sources */,
				6B6594AE21E2532100291AAF /* UITableViewUpdater.swift in Sources */,
				6B6594B221E2532100291AAF /* UICollectionViewUpdater.swift in Sources */,
				6B6594B021E2532100291AAF /* Updater.swift in Sources */,
				6B6594BD21E2532100291AAF /* Renderer.swift in Sources */,
				6B6594B921E2532100291AAF /* UITableViewComponentCell.swift in Sources */,
				6B1BE6B722E5CA0D0054DB46 /* ComponentRenderable.swift in Sources */,
				6B5304532201EDB200A3E21E /* DataChangeset.swift in Sources */,
				6B6594BA21E2532100291AAF /* UICollectionViewComponentCell.swift in Sources */,
				6B6594B521E2532100291AAF /* AnyComponent.swift in Sources */,
				6B6594B321E2532100291AAF /* CellNode.swift in Sources */,
			);
			runOnlyForDeploymentPostprocessing = 0;
		};
		6B7ADEAA21F783E3003803BE /* Sources */ = {
			isa = PBXSourcesBuildPhase;
			buildActionMask = 2147483647;
			files = (
				6B7ADEC921F9F9A6003803BE /* RendererTests.swift in Sources */,
				6B7ADEC721F9F8F8003803BE /* IdentifiableComponentTests.swift in Sources */,
				6B7ADEE121FBA6D1003803BE /* ComponentContainerElementTests.swift in Sources */,
				6B7ADEC021F8C651003803BE /* CellNodeTests.swift in Sources */,
				6B7ADECE21FA1B32003803BE /* UICollectionViewFlowLayoutAdapterTests.swift in Sources */,
				6B7ADEB121F783E3003803BE /* ComponentTests.swift in Sources */,
				6B7ADEDE21FBA59D003803BE /* UICollectionViewReloadDataTests.swift in Sources */,
				6B7ADEBC21F8B464003803BE /* AnyComponentTests.swift in Sources */,
				6B7EEDA0224CE4E100060872 /* UIScrollViewExtensionsTests.swift in Sources */,
				6B7ADEBE21F8BF89003803BE /* ViewNodeTests.swift in Sources */,
				6B7ADECC21FA067E003803BE /* UITableViewAdapterTests.swift in Sources */,
				6B7ADEDA21FB909E003803BE /* UITableViewReloadDataUpdaterTests.swift in Sources */,
				6B7ADEDC21FB91FF003803BE /* UICollectionViewUpdaterTests.swift in Sources */,
				6B7ADEBA21F78957003803BE /* TestTools.swift in Sources */,
				6B7ADED821FB5976003803BE /* UITableViewUpdaterTests.swift in Sources */,
				6B7ADEC221F8C976003803BE /* SectionTests.swift in Sources */,
			);
			runOnlyForDeploymentPostprocessing = 0;
		};
/* End PBXSourcesBuildPhase section */

/* Begin PBXTargetDependency section */
		6B7ADEB521F783E3003803BE /* PBXTargetDependency */ = {
			isa = PBXTargetDependency;
			target = 6B65947921E252E300291AAF /* Carbon */;
			targetProxy = 6B7ADEB421F783E3003803BE /* PBXContainerItemProxy */;
		};
/* End PBXTargetDependency section */

/* Begin XCBuildConfiguration section */
		6B65948021E252E300291AAF /* Debug */ = {
			isa = XCBuildConfiguration;
			baseConfigurationReference = 6B6594BF21E2534B00291AAF /* Carbon.xcconfig */;
			buildSettings = {
				ALWAYS_SEARCH_USER_PATHS = NO;
				CLANG_ANALYZER_NONNULL = YES;
				CLANG_ANALYZER_NUMBER_OBJECT_CONVERSION = YES_AGGRESSIVE;
				CLANG_CXX_LANGUAGE_STANDARD = "gnu++14";
				CLANG_CXX_LIBRARY = "libc++";
				CLANG_ENABLE_MODULES = YES;
				CLANG_ENABLE_OBJC_ARC = YES;
				CLANG_ENABLE_OBJC_WEAK = YES;
				CLANG_WARN_BLOCK_CAPTURE_AUTORELEASING = YES;
				CLANG_WARN_BOOL_CONVERSION = YES;
				CLANG_WARN_COMMA = YES;
				CLANG_WARN_CONSTANT_CONVERSION = YES;
				CLANG_WARN_DEPRECATED_OBJC_IMPLEMENTATIONS = YES;
				CLANG_WARN_DIRECT_OBJC_ISA_USAGE = YES_ERROR;
				CLANG_WARN_DOCUMENTATION_COMMENTS = YES;
				CLANG_WARN_EMPTY_BODY = YES;
				CLANG_WARN_ENUM_CONVERSION = YES;
				CLANG_WARN_INFINITE_RECURSION = YES;
				CLANG_WARN_INT_CONVERSION = YES;
				CLANG_WARN_NON_LITERAL_NULL_CONVERSION = YES;
				CLANG_WARN_OBJC_IMPLICIT_RETAIN_SELF = YES;
				CLANG_WARN_OBJC_LITERAL_CONVERSION = YES;
				CLANG_WARN_OBJC_ROOT_CLASS = YES_ERROR;
				CLANG_WARN_RANGE_LOOP_ANALYSIS = YES;
				CLANG_WARN_STRICT_PROTOTYPES = YES;
				CLANG_WARN_SUSPICIOUS_MOVE = YES;
				CLANG_WARN_UNGUARDED_AVAILABILITY = YES_AGGRESSIVE;
				CLANG_WARN_UNREACHABLE_CODE = YES;
				CLANG_WARN__DUPLICATE_METHOD_MATCH = YES;
				CODE_SIGN_IDENTITY = "iPhone Developer";
				COPY_PHASE_STRIP = NO;
				CURRENT_PROJECT_VERSION = 1;
				DEBUG_INFORMATION_FORMAT = dwarf;
				ENABLE_STRICT_OBJC_MSGSEND = YES;
				ENABLE_TESTABILITY = YES;
				GCC_C_LANGUAGE_STANDARD = gnu11;
				GCC_DYNAMIC_NO_PIC = NO;
				GCC_NO_COMMON_BLOCKS = YES;
				GCC_OPTIMIZATION_LEVEL = 0;
				GCC_PREPROCESSOR_DEFINITIONS = (
					"DEBUG=1",
					"$(inherited)",
				);
				GCC_WARN_64_TO_32_BIT_CONVERSION = YES;
				GCC_WARN_ABOUT_RETURN_TYPE = YES_ERROR;
				GCC_WARN_UNDECLARED_SELECTOR = YES;
				GCC_WARN_UNINITIALIZED_AUTOS = YES_AGGRESSIVE;
				GCC_WARN_UNUSED_FUNCTION = YES;
				GCC_WARN_UNUSED_VARIABLE = YES;
				IPHONEOS_DEPLOYMENT_TARGET = 12.1;
				MTL_ENABLE_DEBUG_INFO = INCLUDE_SOURCE;
				MTL_FAST_MATH = YES;
				ONLY_ACTIVE_ARCH = YES;
				SDKROOT = iphoneos;
				SWIFT_ACTIVE_COMPILATION_CONDITIONS = DEBUG;
				SWIFT_OPTIMIZATION_LEVEL = "-Onone";
				VERSIONING_SYSTEM = "apple-generic";
				VERSION_INFO_PREFIX = "";
			};
			name = Debug;
		};
		6B65948121E252E300291AAF /* Release */ = {
			isa = XCBuildConfiguration;
			baseConfigurationReference = 6B6594BF21E2534B00291AAF /* Carbon.xcconfig */;
			buildSettings = {
				ALWAYS_SEARCH_USER_PATHS = NO;
				CLANG_ANALYZER_NONNULL = YES;
				CLANG_ANALYZER_NUMBER_OBJECT_CONVERSION = YES_AGGRESSIVE;
				CLANG_CXX_LANGUAGE_STANDARD = "gnu++14";
				CLANG_CXX_LIBRARY = "libc++";
				CLANG_ENABLE_MODULES = YES;
				CLANG_ENABLE_OBJC_ARC = YES;
				CLANG_ENABLE_OBJC_WEAK = YES;
				CLANG_WARN_BLOCK_CAPTURE_AUTORELEASING = YES;
				CLANG_WARN_BOOL_CONVERSION = YES;
				CLANG_WARN_COMMA = YES;
				CLANG_WARN_CONSTANT_CONVERSION = YES;
				CLANG_WARN_DEPRECATED_OBJC_IMPLEMENTATIONS = YES;
				CLANG_WARN_DIRECT_OBJC_ISA_USAGE = YES_ERROR;
				CLANG_WARN_DOCUMENTATION_COMMENTS = YES;
				CLANG_WARN_EMPTY_BODY = YES;
				CLANG_WARN_ENUM_CONVERSION = YES;
				CLANG_WARN_INFINITE_RECURSION = YES;
				CLANG_WARN_INT_CONVERSION = YES;
				CLANG_WARN_NON_LITERAL_NULL_CONVERSION = YES;
				CLANG_WARN_OBJC_IMPLICIT_RETAIN_SELF = YES;
				CLANG_WARN_OBJC_LITERAL_CONVERSION = YES;
				CLANG_WARN_OBJC_ROOT_CLASS = YES_ERROR;
				CLANG_WARN_RANGE_LOOP_ANALYSIS = YES;
				CLANG_WARN_STRICT_PROTOTYPES = YES;
				CLANG_WARN_SUSPICIOUS_MOVE = YES;
				CLANG_WARN_UNGUARDED_AVAILABILITY = YES_AGGRESSIVE;
				CLANG_WARN_UNREACHABLE_CODE = YES;
				CLANG_WARN__DUPLICATE_METHOD_MATCH = YES;
				CODE_SIGN_IDENTITY = "iPhone Developer";
				COPY_PHASE_STRIP = NO;
				CURRENT_PROJECT_VERSION = 1;
				DEBUG_INFORMATION_FORMAT = "dwarf-with-dsym";
				ENABLE_NS_ASSERTIONS = NO;
				ENABLE_STRICT_OBJC_MSGSEND = YES;
				GCC_C_LANGUAGE_STANDARD = gnu11;
				GCC_NO_COMMON_BLOCKS = YES;
				GCC_WARN_64_TO_32_BIT_CONVERSION = YES;
				GCC_WARN_ABOUT_RETURN_TYPE = YES_ERROR;
				GCC_WARN_UNDECLARED_SELECTOR = YES;
				GCC_WARN_UNINITIALIZED_AUTOS = YES_AGGRESSIVE;
				GCC_WARN_UNUSED_FUNCTION = YES;
				GCC_WARN_UNUSED_VARIABLE = YES;
				IPHONEOS_DEPLOYMENT_TARGET = 12.1;
				MTL_ENABLE_DEBUG_INFO = NO;
				MTL_FAST_MATH = YES;
				SDKROOT = iphoneos;
				SWIFT_COMPILATION_MODE = wholemodule;
				SWIFT_OPTIMIZATION_LEVEL = "-O";
				VALIDATE_PRODUCT = YES;
				VERSIONING_SYSTEM = "apple-generic";
				VERSION_INFO_PREFIX = "";
			};
			name = Release;
		};
		6B65948321E252E300291AAF /* Debug */ = {
			isa = XCBuildConfiguration;
			baseConfigurationReference = 6B6594BF21E2534B00291AAF /* Carbon.xcconfig */;
			buildSettings = {
				APPLICATION_EXTENSION_API_ONLY = YES;
				CODE_SIGN_IDENTITY = "";
				CODE_SIGN_STYLE = Manual;
				DEFINES_MODULE = YES;
				DEVELOPMENT_TEAM = "";
				DYLIB_COMPATIBILITY_VERSION = 1;
				DYLIB_CURRENT_VERSION = 1;
				DYLIB_INSTALL_NAME_BASE = "@rpath";
				INFOPLIST_FILE = "$(SRCROOT)/Sources/Info.plist";
				INSTALL_PATH = "$(LOCAL_LIBRARY_DIR)/Frameworks";
				IPHONEOS_DEPLOYMENT_TARGET = 10.0;
				LD_RUNPATH_SEARCH_PATHS = (
					"$(inherited)",
					"@executable_path/Frameworks",
					"@loader_path/Frameworks",
				);
				PRODUCT_BUNDLE_IDENTIFIER = com.ryo.Carbon;
				PRODUCT_NAME = "$(TARGET_NAME:c99extidentifier)";
				PROVISIONING_PROFILE_SPECIFIER = "";
				SDKROOT = iphoneos;
				SKIP_INSTALL = YES;
				SWIFT_VERSION = 5.0;
				TARGETED_DEVICE_FAMILY = "1,2";
			};
			name = Debug;
		};
		6B65948421E252E300291AAF /* Release */ = {
			isa = XCBuildConfiguration;
			baseConfigurationReference = 6B6594BF21E2534B00291AAF /* Carbon.xcconfig */;
			buildSettings = {
				APPLICATION_EXTENSION_API_ONLY = YES;
				CODE_SIGN_IDENTITY = "";
				CODE_SIGN_STYLE = Manual;
				DEFINES_MODULE = YES;
				DEVELOPMENT_TEAM = "";
				DYLIB_COMPATIBILITY_VERSION = 1;
				DYLIB_CURRENT_VERSION = 1;
				DYLIB_INSTALL_NAME_BASE = "@rpath";
				INFOPLIST_FILE = "$(SRCROOT)/Sources/Info.plist";
				INSTALL_PATH = "$(LOCAL_LIBRARY_DIR)/Frameworks";
				IPHONEOS_DEPLOYMENT_TARGET = 10.0;
				LD_RUNPATH_SEARCH_PATHS = (
					"$(inherited)",
					"@executable_path/Frameworks",
					"@loader_path/Frameworks",
				);
				PRODUCT_BUNDLE_IDENTIFIER = com.ryo.Carbon;
				PRODUCT_NAME = "$(TARGET_NAME:c99extidentifier)";
				PROVISIONING_PROFILE_SPECIFIER = "";
				SDKROOT = iphoneos;
				SKIP_INSTALL = YES;
				SWIFT_VERSION = 5.0;
				TARGETED_DEVICE_FAMILY = "1,2";
			};
			name = Release;
		};
		6B7ADEB621F783E3003803BE /* Debug */ = {
			isa = XCBuildConfiguration;
			baseConfigurationReference = 6B6594BF21E2534B00291AAF /* Carbon.xcconfig */;
			buildSettings = {
				CODE_SIGN_STYLE = Manual;
				DEVELOPMENT_TEAM = "";
				INFOPLIST_FILE = Tests/Info.plist;
				LD_RUNPATH_SEARCH_PATHS = (
					"$(inherited)",
					"@executable_path/Frameworks",
					"@loader_path/Frameworks",
				);
				PRODUCT_BUNDLE_IDENTIFIER = com.ryo.Tests;
				PRODUCT_NAME = "$(TARGET_NAME)";
				PROVISIONING_PROFILE_SPECIFIER = "";
				SWIFT_VERSION = 5.0;
				TARGETED_DEVICE_FAMILY = "1,2";
			};
			name = Debug;
		};
		6B7ADEB721F783E3003803BE /* Release */ = {
			isa = XCBuildConfiguration;
			baseConfigurationReference = 6B6594BF21E2534B00291AAF /* Carbon.xcconfig */;
			buildSettings = {
				CODE_SIGN_STYLE = Manual;
				DEVELOPMENT_TEAM = "";
				INFOPLIST_FILE = Tests/Info.plist;
				LD_RUNPATH_SEARCH_PATHS = (
					"$(inherited)",
					"@executable_path/Frameworks",
					"@loader_path/Frameworks",
				);
				PRODUCT_BUNDLE_IDENTIFIER = com.ryo.Tests;
				PRODUCT_NAME = "$(TARGET_NAME)";
				PROVISIONING_PROFILE_SPECIFIER = "";
				SWIFT_VERSION = 5.0;
				TARGETED_DEVICE_FAMILY = "1,2";
			};
			name = Release;
		};
/* End XCBuildConfiguration section */

/* Begin XCConfigurationList section */
		6B65947421E252E300291AAF /* Build configuration list for PBXProject "Carbon" */ = {
			isa = XCConfigurationList;
			buildConfigurations = (
				6B65948021E252E300291AAF /* Debug */,
				6B65948121E252E300291AAF /* Release */,
			);
			defaultConfigurationIsVisible = 0;
			defaultConfigurationName = Release;
		};
		6B65948221E252E300291AAF /* Build configuration list for PBXNativeTarget "Carbon" */ = {
			isa = XCConfigurationList;
			buildConfigurations = (
				6B65948321E252E300291AAF /* Debug */,
				6B65948421E252E300291AAF /* Release */,
			);
			defaultConfigurationIsVisible = 0;
			defaultConfigurationName = Release;
		};
		6B7ADEB821F783E3003803BE /* Build configuration list for PBXNativeTarget "Tests" */ = {
			isa = XCConfigurationList;
			buildConfigurations = (
				6B7ADEB621F783E3003803BE /* Debug */,
				6B7ADEB721F783E3003803BE /* Release */,
			);
			defaultConfigurationIsVisible = 0;
			defaultConfigurationName = Release;
		};
/* End XCConfigurationList section */
	};
	rootObject = 6B65947121E252E300291AAF /* Project object */;
}
