// !$*UTF8*$!
{
	archiveVersion = 1;
	classes = {
	};
	objectVersion = 51;
	objects = {

/* Begin PBXBuildFile section */
		0A729640B3FDCE139DDB84E1 /* Pods_Example_iOS.framework in Frameworks */ = {isa = PBXBuildFile; fileRef = C676BFED3D0A58EBFA76D7DA /* Pods_Example_iOS.framework */; };
		6B09264421FE17B300CFEC2F /* Footer.swift in Sources */ = {isa = PBXBuildFile; fileRef = 6B09264321FE17B300CFEC2F /* Footer.swift */; };
		6B09264621FE183300CFEC2F /* FooterContent.xib in Resources */ = {isa = PBXBuildFile; fileRef = 6B09264521FE183300CFEC2F /* FooterContent.xib */; };
		6B21A49521E279AB00568841 /* Assets.xcassets in Resources */ = {isa = PBXBuildFile; fileRef = 6B6594D621E2619E00291AAF /* Assets.xcassets */; };
		6B21A49F21E3A67200568841 /* FormViewController.swift in Sources */ = {isa = PBXBuildFile; fileRef = 6B21A49E21E3A67200568841 /* FormViewController.swift */; };
		6B21A4A121E3A76200568841 /* FormViewController.xib in Resources */ = {isa = PBXBuildFile; fileRef = 6B21A4A021E3A76200568841 /* FormViewController.xib */; };
		6B21A4A321E3A81C00568841 /* FormTextFieldContent.xib in Resources */ = {isa = PBXBuildFile; fileRef = 6B21A4A221E3A81C00568841 /* FormTextFieldContent.xib */; };
		6B21A4A521E3A92F00568841 /* FormTextField.swift in Sources */ = {isa = PBXBuildFile; fileRef = 6B21A4A421E3A92F00568841 /* FormTextField.swift */; };
		6B21A4A721E3AD5300568841 /* Header.swift in Sources */ = {isa = PBXBuildFile; fileRef = 6B21A4A621E3AD5300568841 /* Header.swift */; };
		6B21A4A921E3ADE700568841 /* HeaderContent.xib in Resources */ = {isa = PBXBuildFile; fileRef = 6B21A4A821E3ADE700568841 /* HeaderContent.xib */; };
		6B21A4AB21E3AF4700568841 /* FormTextPicker.swift in Sources */ = {isa = PBXBuildFile; fileRef = 6B21A4AA21E3AF4700568841 /* FormTextPicker.swift */; };
		6B21A4AD21E3AFE900568841 /* FormTextPickerContent.xib in Resources */ = {isa = PBXBuildFile; fileRef = 6B21A4AC21E3AFE900568841 /* FormTextPickerContent.xib */; };
		6B21A4AF21E3B52500568841 /* FormLabelContent.xib in Resources */ = {isa = PBXBuildFile; fileRef = 6B21A4AE21E3B52500568841 /* FormLabelContent.xib */; };
		6B21A4B121E3B58700568841 /* FormLabel.swift in Sources */ = {isa = PBXBuildFile; fileRef = 6B21A4B021E3B58700568841 /* FormLabel.swift */; };
		6B21A4B321E3BABF00568841 /* FormTextView.swift in Sources */ = {isa = PBXBuildFile; fileRef = 6B21A4B221E3BABF00568841 /* FormTextView.swift */; };
		6B21A4B521E3BC8D00568841 /* FormTextViewContent.xib in Resources */ = {isa = PBXBuildFile; fileRef = 6B21A4B421E3BC8D00568841 /* FormTextViewContent.xib */; };
		6B21A4BD21E4EFC700568841 /* FormDatePicker.swift in Sources */ = {isa = PBXBuildFile; fileRef = 6B21A4BC21E4EFC700568841 /* FormDatePicker.swift */; };
		6B21A4C121E4F11400568841 /* FormDatePickerContent.xib in Resources */ = {isa = PBXBuildFile; fileRef = 6B21A4C021E4F11400568841 /* FormDatePickerContent.xib */; };
		6B21A4C321E502E000568841 /* FormSwitch.swift in Sources */ = {isa = PBXBuildFile; fileRef = 6B21A4C221E502E000568841 /* FormSwitch.swift */; };
		6B21A4C521E503BE00568841 /* FormSwitchContent.xib in Resources */ = {isa = PBXBuildFile; fileRef = 6B21A4C421E503BE00568841 /* FormSwitchContent.xib */; };
		6B21A4C721E50C0200568841 /* Spacing.swift in Sources */ = {isa = PBXBuildFile; fileRef = 6B21A4C621E50C0200568841 /* Spacing.swift */; };
		6B3973B5220000EC002BB03A /* PangramViewController.swift in Sources */ = {isa = PBXBuildFile; fileRef = 6B3973B2220000EC002BB03A /* PangramViewController.swift */; };
		6B3973B6220000EC002BB03A /* PangramLabel.swift in Sources */ = {isa = PBXBuildFile; fileRef = 6B3973B3220000EC002BB03A /* PangramLabel.swift */; };
		6B3973B7220000EC002BB03A /* PangramViewController.xib in Resources */ = {isa = PBXBuildFile; fileRef = 6B3973B4220000EC002BB03A /* PangramViewController.xib */; };
		6B5A987721E8ED220013BB95 /* TodoViewController.swift in Sources */ = {isa = PBXBuildFile; fileRef = 6B5A987621E8ED220013BB95 /* TodoViewController.swift */; };
		6B5A987921E8ED740013BB95 /* TodoViewController.xib in Resources */ = {isa = PBXBuildFile; fileRef = 6B5A987821E8ED740013BB95 /* TodoViewController.xib */; };
		6B5A987B21E8EED30013BB95 /* TodoText.swift in Sources */ = {isa = PBXBuildFile; fileRef = 6B5A987A21E8EED30013BB95 /* TodoText.swift */; };
		6B5A987D21E8F16F0013BB95 /* Todo.swift in Sources */ = {isa = PBXBuildFile; fileRef = 6B5A987C21E8F16F0013BB95 /* Todo.swift */; };
		6B5A987F21E8F2090013BB95 /* TodoTextContent.xib in Resources */ = {isa = PBXBuildFile; fileRef = 6B5A987E21E8F2090013BB95 /* TodoTextContent.xib */; };
		6B6594D021E2619B00291AAF /* AppDelegate.swift in Sources */ = {isa = PBXBuildFile; fileRef = 6B6594CF21E2619B00291AAF /* AppDelegate.swift */; };
		6B6594D221E2619B00291AAF /* HomeViewController.swift in Sources */ = {isa = PBXBuildFile; fileRef = 6B6594D121E2619B00291AAF /* HomeViewController.swift */; };
		6B6594DA21E2619E00291AAF /* LaunchScreen.storyboard in Resources */ = {isa = PBXBuildFile; fileRef = 6B6594D821E2619E00291AAF /* LaunchScreen.storyboard */; };
		6B6594E521E2644500291AAF /* HomeViewController.xib in Resources */ = {isa = PBXBuildFile; fileRef = 6B6594E421E2644500291AAF /* HomeViewController.xib */; };
		6B6594E721E2650000291AAF /* NibLoadable.swift in Sources */ = {isa = PBXBuildFile; fileRef = 6B6594E621E2650000291AAF /* NibLoadable.swift */; };
		6B6594E921E2655400291AAF /* HomeItem.swift in Sources */ = {isa = PBXBuildFile; fileRef = 6B6594E821E2655400291AAF /* HomeItem.swift */; };
		6B6594ED21E2659500291AAF /* HomeItemContent.xib in Resources */ = {isa = PBXBuildFile; fileRef = 6B6594EC21E2659500291AAF /* HomeItemContent.xib */; };
		6B6594EF21E26A7A00291AAF /* Extensions.swift in Sources */ = {isa = PBXBuildFile; fileRef = 6B6594EE21E26A7A00291AAF /* Extensions.swift */; };
		6B7ADEFA21FDD5D3003803BE /* HelloViewController.swift in Sources */ = {isa = PBXBuildFile; fileRef = 6B7ADEF921FDD5D3003803BE /* HelloViewController.swift */; };
		6B7ADEFC21FDD77A003803BE /* HelloViewController.xib in Resources */ = {isa = PBXBuildFile; fileRef = 6B7ADEFB21FDD77A003803BE /* HelloViewController.xib */; };
		6B7ADF0021FDE3F2003803BE /* HelloMessageContent.xib in Resources */ = {isa = PBXBuildFile; fileRef = 6B7ADEFF21FDE3F2003803BE /* HelloMessageContent.xib */; };
		6B7ADF0221FDEEC7003803BE /* HelloMessage.swift in Sources */ = {isa = PBXBuildFile; fileRef = 6B7ADF0121FDEEC7003803BE /* HelloMessage.swift */; };
		6B7BE5BE23244FEF001EB507 /* KyotoMagazineLayoutAdapter.swift in Sources */ = {isa = PBXBuildFile; fileRef = 6B7BE5BD23244FEF001EB507 /* KyotoMagazineLayoutAdapter.swift */; };
		6B7BE5C02324500A001EB507 /* TodoSwipeCellKitAdapter.swift in Sources */ = {isa = PBXBuildFile; fileRef = 6B7BE5BF23245009001EB507 /* TodoSwipeCellKitAdapter.swift */; };
		6BBC279121ECF91A00446FB7 /* TodoEmpty.swift in Sources */ = {isa = PBXBuildFile; fileRef = 6BBC279021ECF91A00446FB7 /* TodoEmpty.swift */; };
		6BBC279321ECFE6A00446FB7 /* TodoEmptyContent.xib in Resources */ = {isa = PBXBuildFile; fileRef = 6BBC279221ECFE6A00446FB7 /* TodoEmptyContent.xib */; };
		6BBC279821EE2B9A00446FB7 /* KyotoViewController.swift in Sources */ = {isa = PBXBuildFile; fileRef = 6BBC279721EE2B9A00446FB7 /* KyotoViewController.swift */; };
		6BBC279A21EE2C7500446FB7 /* KyotoViewController.xib in Resources */ = {isa = PBXBuildFile; fileRef = 6BBC279921EE2C7500446FB7 /* KyotoViewController.xib */; };
		6BBC279C21EE2F8200446FB7 /* Deletable.swift in Sources */ = {isa = PBXBuildFile; fileRef = 6BBC279B21EE2F8200446FB7 /* Deletable.swift */; };
		6BBC279E21EE326000446FB7 /* KyotoTop.swift in Sources */ = {isa = PBXBuildFile; fileRef = 6BBC279D21EE326000446FB7 /* KyotoTop.swift */; };
		6BBC27A021EE335A00446FB7 /* KyotoTopContent.xib in Resources */ = {isa = PBXBuildFile; fileRef = 6BBC279F21EE335A00446FB7 /* KyotoTopContent.xib */; };
		6BBC27A621EE451D00446FB7 /* KyotoImage.swift in Sources */ = {isa = PBXBuildFile; fileRef = 6BBC27A521EE451D00446FB7 /* KyotoImage.swift */; };
		6BBC27A821EE45FA00446FB7 /* KyotoImageContent.xib in Resources */ = {isa = PBXBuildFile; fileRef = 6BBC27A721EE45FA00446FB7 /* KyotoImageContent.xib */; };
		6BBC27AC21EE5BFE00446FB7 /* KyotoLicense.swift in Sources */ = {isa = PBXBuildFile; fileRef = 6BBC27AB21EE5BFE00446FB7 /* KyotoLicense.swift */; };
		6BBC27AE21EE5C7100446FB7 /* KyotoLicenseContent.xib in Resources */ = {isa = PBXBuildFile; fileRef = 6BBC27AD21EE5C7100446FB7 /* KyotoLicenseContent.xib */; };
		6BBC27B121EF882800446FB7 /* EmojiViewController.swift in Sources */ = {isa = PBXBuildFile; fileRef = 6BBC27B021EF882800446FB7 /* EmojiViewController.swift */; };
		6BBC27B321EF8A6600446FB7 /* EmojiLabel.swift in Sources */ = {isa = PBXBuildFile; fileRef = 6BBC27B221EF8A6600446FB7 /* EmojiLabel.swift */; };
		6BBC27B521EF8CDC00446FB7 /* EmojiViewController.xib in Resources */ = {isa = PBXBuildFile; fileRef = 6BBC27B421EF8CDB00446FB7 /* EmojiViewController.xib */; };
		6BBC27B721EF8D4D00446FB7 /* EmojiLabelContent.xib in Resources */ = {isa = PBXBuildFile; fileRef = 6BBC27B621EF8D4D00446FB7 /* EmojiLabelContent.xib */; };
/* End PBXBuildFile section */

/* Begin PBXFileReference section */
		21CAE3C8FFB1A0F4BD270D3B /* Pods-Example-iOS.release.xcconfig */ = {isa = PBXFileReference; includeInIndex = 1; lastKnownFileType = text.xcconfig; name = "Pods-Example-iOS.release.xcconfig"; path = "Target Support Files/Pods-Example-iOS/Pods-Example-iOS.release.xcconfig"; sourceTree = "<group>"; };
		6B09264321FE17B300CFEC2F /* Footer.swift */ = {isa = PBXFileReference; lastKnownFileType = sourcecode.swift; path = Footer.swift; sourceTree = "<group>"; };
		6B09264521FE183300CFEC2F /* FooterContent.xib */ = {isa = PBXFileReference; fileEncoding = 4; lastKnownFileType = file.xib; path = FooterContent.xib; sourceTree = "<group>"; };
		6B21A49E21E3A67200568841 /* FormViewController.swift */ = {isa = PBXFileReference; lastKnownFileType = sourcecode.swift; path = FormViewController.swift; sourceTree = "<group>"; };
		6B21A4A021E3A76200568841 /* FormViewController.xib */ = {isa = PBXFileReference; lastKnownFileType = file.xib; path = FormViewController.xib; sourceTree = "<group>"; };
		6B21A4A221E3A81C00568841 /* FormTextFieldContent.xib */ = {isa = PBXFileReference; lastKnownFileType = file.xib; path = FormTextFieldContent.xib; sourceTree = "<group>"; };
		6B21A4A421E3A92F00568841 /* FormTextField.swift */ = {isa = PBXFileReference; lastKnownFileType = sourcecode.swift; path = FormTextField.swift; sourceTree = "<group>"; };
		6B21A4A621E3AD5300568841 /* Header.swift */ = {isa = PBXFileReference; lastKnownFileType = sourcecode.swift; path = Header.swift; sourceTree = "<group>"; };
		6B21A4A821E3ADE700568841 /* HeaderContent.xib */ = {isa = PBXFileReference; lastKnownFileType = file.xib; path = HeaderContent.xib; sourceTree = "<group>"; };
		6B21A4AA21E3AF4700568841 /* FormTextPicker.swift */ = {isa = PBXFileReference; lastKnownFileType = sourcecode.swift; path = FormTextPicker.swift; sourceTree = "<group>"; };
		6B21A4AC21E3AFE900568841 /* FormTextPickerContent.xib */ = {isa = PBXFileReference; lastKnownFileType = file.xib; path = FormTextPickerContent.xib; sourceTree = "<group>"; };
		6B21A4AE21E3B52500568841 /* FormLabelContent.xib */ = {isa = PBXFileReference; lastKnownFileType = file.xib; path = FormLabelContent.xib; sourceTree = "<group>"; };
		6B21A4B021E3B58700568841 /* FormLabel.swift */ = {isa = PBXFileReference; lastKnownFileType = sourcecode.swift; path = FormLabel.swift; sourceTree = "<group>"; };
		6B21A4B221E3BABF00568841 /* FormTextView.swift */ = {isa = PBXFileReference; lastKnownFileType = sourcecode.swift; path = FormTextView.swift; sourceTree = "<group>"; };
		6B21A4B421E3BC8D00568841 /* FormTextViewContent.xib */ = {isa = PBXFileReference; lastKnownFileType = file.xib; path = FormTextViewContent.xib; sourceTree = "<group>"; };
		6B21A4BC21E4EFC700568841 /* FormDatePicker.swift */ = {isa = PBXFileReference; lastKnownFileType = sourcecode.swift; path = FormDatePicker.swift; sourceTree = "<group>"; };
		6B21A4C021E4F11400568841 /* FormDatePickerContent.xib */ = {isa = PBXFileReference; lastKnownFileType = file.xib; path = FormDatePickerContent.xib; sourceTree = "<group>"; };
		6B21A4C221E502E000568841 /* FormSwitch.swift */ = {isa = PBXFileReference; lastKnownFileType = sourcecode.swift; path = FormSwitch.swift; sourceTree = "<group>"; };
		6B21A4C421E503BE00568841 /* FormSwitchContent.xib */ = {isa = PBXFileReference; lastKnownFileType = file.xib; path = FormSwitchContent.xib; sourceTree = "<group>"; };
		6B21A4C621E50C0200568841 /* Spacing.swift */ = {isa = PBXFileReference; lastKnownFileType = sourcecode.swift; path = Spacing.swift; sourceTree = "<group>"; };
		6B3973B2220000EC002BB03A /* PangramViewController.swift */ = {isa = PBXFileReference; fileEncoding = 4; lastKnownFileType = sourcecode.swift; path = PangramViewController.swift; sourceTree = "<group>"; };
		6B3973B3220000EC002BB03A /* PangramLabel.swift */ = {isa = PBXFileReference; fileEncoding = 4; lastKnownFileType = sourcecode.swift; path = PangramLabel.swift; sourceTree = "<group>"; };
		6B3973B4220000EC002BB03A /* PangramViewController.xib */ = {isa = PBXFileReference; fileEncoding = 4; lastKnownFileType = file.xib; path = PangramViewController.xib; sourceTree = "<group>"; };
		6B5A987621E8ED220013BB95 /* TodoViewController.swift */ = {isa = PBXFileReference; lastKnownFileType = sourcecode.swift; path = TodoViewController.swift; sourceTree = "<group>"; };
		6B5A987821E8ED740013BB95 /* TodoViewController.xib */ = {isa = PBXFileReference; lastKnownFileType = file.xib; path = TodoViewController.xib; sourceTree = "<group>"; };
		6B5A987A21E8EED30013BB95 /* TodoText.swift */ = {isa = PBXFileReference; lastKnownFileType = sourcecode.swift; path = TodoText.swift; sourceTree = "<group>"; };
		6B5A987C21E8F16F0013BB95 /* Todo.swift */ = {isa = PBXFileReference; lastKnownFileType = sourcecode.swift; path = Todo.swift; sourceTree = "<group>"; };
		6B5A987E21E8F2090013BB95 /* TodoTextContent.xib */ = {isa = PBXFileReference; lastKnownFileType = file.xib; path = TodoTextContent.xib; sourceTree = "<group>"; };
		6B6594CC21E2619B00291AAF /* Example-iOS.app */ = {isa = PBXFileReference; explicitFileType = wrapper.application; includeInIndex = 0; path = "Example-iOS.app"; sourceTree = BUILT_PRODUCTS_DIR; };
		6B6594CF21E2619B00291AAF /* AppDelegate.swift */ = {isa = PBXFileReference; lastKnownFileType = sourcecode.swift; path = AppDelegate.swift; sourceTree = "<group>"; };
		6B6594D121E2619B00291AAF /* HomeViewController.swift */ = {isa = PBXFileReference; lastKnownFileType = sourcecode.swift; path = HomeViewController.swift; sourceTree = "<group>"; };
		6B6594D621E2619E00291AAF /* Assets.xcassets */ = {isa = PBXFileReference; lastKnownFileType = folder.assetcatalog; path = Assets.xcassets; sourceTree = "<group>"; };
		6B6594D921E2619E00291AAF /* Base */ = {isa = PBXFileReference; lastKnownFileType = file.storyboard; name = Base; path = Base.lproj/LaunchScreen.storyboard; sourceTree = "<group>"; };
		6B6594DB21E2619E00291AAF /* Info.plist */ = {isa = PBXFileReference; lastKnownFileType = text.plist.xml; path = Info.plist; sourceTree = "<group>"; };
		6B6594E221E262C400291AAF /* Carbon.framework */ = {isa = PBXFileReference; explicitFileType = wrapper.framework; path = Carbon.framework; sourceTree = BUILT_PRODUCTS_DIR; };
		6B6594E421E2644500291AAF /* HomeViewController.xib */ = {isa = PBXFileReference; lastKnownFileType = file.xib; path = HomeViewController.xib; sourceTree = "<group>"; };
		6B6594E621E2650000291AAF /* NibLoadable.swift */ = {isa = PBXFileReference; lastKnownFileType = sourcecode.swift; path = NibLoadable.swift; sourceTree = "<group>"; };
		6B6594E821E2655400291AAF /* HomeItem.swift */ = {isa = PBXFileReference; lastKnownFileType = sourcecode.swift; path = HomeItem.swift; sourceTree = "<group>"; };
		6B6594EC21E2659500291AAF /* HomeItemContent.xib */ = {isa = PBXFileReference; lastKnownFileType = file.xib; path = HomeItemContent.xib; sourceTree = "<group>"; };
		6B6594EE21E26A7A00291AAF /* Extensions.swift */ = {isa = PBXFileReference; lastKnownFileType = sourcecode.swift; path = Extensions.swift; sourceTree = "<group>"; };
		6B6594F721E272D500291AAF /* DifferenceKit.framework */ = {isa = PBXFileReference; explicitFileType = wrapper.framework; path = DifferenceKit.framework; sourceTree = BUILT_PRODUCTS_DIR; };
		6B7ADEF921FDD5D3003803BE /* HelloViewController.swift */ = {isa = PBXFileReference; lastKnownFileType = sourcecode.swift; path = HelloViewController.swift; sourceTree = "<group>"; };
		6B7ADEFB21FDD77A003803BE /* HelloViewController.xib */ = {isa = PBXFileReference; fileEncoding = 4; lastKnownFileType = file.xib; path = HelloViewController.xib; sourceTree = "<group>"; };
		6B7ADEFF21FDE3F2003803BE /* HelloMessageContent.xib */ = {isa = PBXFileReference; lastKnownFileType = file.xib; path = HelloMessageContent.xib; sourceTree = "<group>"; };
		6B7ADF0121FDEEC7003803BE /* HelloMessage.swift */ = {isa = PBXFileReference; fileEncoding = 4; lastKnownFileType = sourcecode.swift; path = HelloMessage.swift; sourceTree = "<group>"; };
		6B7BE5BD23244FEF001EB507 /* KyotoMagazineLayoutAdapter.swift */ = {isa = PBXFileReference; fileEncoding = 4; lastKnownFileType = sourcecode.swift; path = KyotoMagazineLayoutAdapter.swift; sourceTree = "<group>"; };
		6B7BE5BF23245009001EB507 /* TodoSwipeCellKitAdapter.swift */ = {isa = PBXFileReference; fileEncoding = 4; lastKnownFileType = sourcecode.swift; path = TodoSwipeCellKitAdapter.swift; sourceTree = "<group>"; };
		6BBC279021ECF91A00446FB7 /* TodoEmpty.swift */ = {isa = PBXFileReference; lastKnownFileType = sourcecode.swift; path = TodoEmpty.swift; sourceTree = "<group>"; };
		6BBC279221ECFE6A00446FB7 /* TodoEmptyContent.xib */ = {isa = PBXFileReference; lastKnownFileType = file.xib; path = TodoEmptyContent.xib; sourceTree = "<group>"; };
		6BBC279721EE2B9A00446FB7 /* KyotoViewController.swift */ = {isa = PBXFileReference; lastKnownFileType = sourcecode.swift; path = KyotoViewController.swift; sourceTree = "<group>"; };
		6BBC279921EE2C7500446FB7 /* KyotoViewController.xib */ = {isa = PBXFileReference; lastKnownFileType = file.xib; path = KyotoViewController.xib; sourceTree = "<group>"; };
		6BBC279B21EE2F8200446FB7 /* Deletable.swift */ = {isa = PBXFileReference; lastKnownFileType = sourcecode.swift; path = Deletable.swift; sourceTree = "<group>"; };
		6BBC279D21EE326000446FB7 /* KyotoTop.swift */ = {isa = PBXFileReference; lastKnownFileType = sourcecode.swift; path = KyotoTop.swift; sourceTree = "<group>"; };
		6BBC279F21EE335A00446FB7 /* KyotoTopContent.xib */ = {isa = PBXFileReference; lastKnownFileType = file.xib; path = KyotoTopContent.xib; sourceTree = "<group>"; };
		6BBC27A521EE451D00446FB7 /* KyotoImage.swift */ = {isa = PBXFileReference; lastKnownFileType = sourcecode.swift; path = KyotoImage.swift; sourceTree = "<group>"; };
		6BBC27A721EE45FA00446FB7 /* KyotoImageContent.xib */ = {isa = PBXFileReference; lastKnownFileType = file.xib; path = KyotoImageContent.xib; sourceTree = "<group>"; };
		6BBC27AB21EE5BFE00446FB7 /* KyotoLicense.swift */ = {isa = PBXFileReference; lastKnownFileType = sourcecode.swift; path = KyotoLicense.swift; sourceTree = "<group>"; };
		6BBC27AD21EE5C7100446FB7 /* KyotoLicenseContent.xib */ = {isa = PBXFileReference; lastKnownFileType = file.xib; path = KyotoLicenseContent.xib; sourceTree = "<group>"; };
		6BBC27B021EF882800446FB7 /* EmojiViewController.swift */ = {isa = PBXFileReference; lastKnownFileType = sourcecode.swift; path = EmojiViewController.swift; sourceTree = "<group>"; };
		6BBC27B221EF8A6600446FB7 /* EmojiLabel.swift */ = {isa = PBXFileReference; lastKnownFileType = sourcecode.swift; path = EmojiLabel.swift; sourceTree = "<group>"; };
		6BBC27B421EF8CDB00446FB7 /* EmojiViewController.xib */ = {isa = PBXFileReference; lastKnownFileType = file.xib; path = EmojiViewController.xib; sourceTree = "<group>"; };
		6BBC27B621EF8D4D00446FB7 /* EmojiLabelContent.xib */ = {isa = PBXFileReference; lastKnownFileType = file.xib; path = EmojiLabelContent.xib; sourceTree = "<group>"; };
		C676BFED3D0A58EBFA76D7DA /* Pods_Example_iOS.framework */ = {isa = PBXFileReference; explicitFileType = wrapper.framework; includeInIndex = 0; path = Pods_Example_iOS.framework; sourceTree = BUILT_PRODUCTS_DIR; };
		CA7767A4E02CFCA79CE0E01E /* Pods-Example-iOS.debug.xcconfig */ = {isa = PBXFileReference; includeInIndex = 1; lastKnownFileType = text.xcconfig; name = "Pods-Example-iOS.debug.xcconfig"; path = "Target Support Files/Pods-Example-iOS/Pods-Example-iOS.debug.xcconfig"; sourceTree = "<group>"; };
/* End PBXFileReference section */

/* Begin PBXFrameworksBuildPhase section */
		6B6594C921E2619B00291AAF /* Frameworks */ = {
			isa = PBXFrameworksBuildPhase;
			buildActionMask = 2147483647;
			files = (
				0A729640B3FDCE139DDB84E1 /* Pods_Example_iOS.framework in Frameworks */,
			);
			runOnlyForDeploymentPostprocessing = 0;
		};
/* End PBXFrameworksBuildPhase section */

/* Begin PBXGroup section */
		4A86BB19C6009EA031F77B52 /* Pods */ = {
			isa = PBXGroup;
			children = (
				CA7767A4E02CFCA79CE0E01E /* Pods-Example-iOS.debug.xcconfig */,
				21CAE3C8FFB1A0F4BD270D3B /* Pods-Example-iOS.release.xcconfig */,
			);
			path = Pods;
			sourceTree = "<group>";
		};
		6B21A49D21E3A63A00568841 /* Form */ = {
			isa = PBXGroup;
			children = (
				6B21A49E21E3A67200568841 /* FormViewController.swift */,
				6B21A4A021E3A76200568841 /* FormViewController.xib */,
				6B21A4A421E3A92F00568841 /* FormTextField.swift */,
				6B21A4A221E3A81C00568841 /* FormTextFieldContent.xib */,
				6B21A4B021E3B58700568841 /* FormLabel.swift */,
				6B21A4AE21E3B52500568841 /* FormLabelContent.xib */,
				6B21A4AA21E3AF4700568841 /* FormTextPicker.swift */,
				6B21A4AC21E3AFE900568841 /* FormTextPickerContent.xib */,
				6B21A4B221E3BABF00568841 /* FormTextView.swift */,
				6B21A4B421E3BC8D00568841 /* FormTextViewContent.xib */,
				6B21A4BC21E4EFC700568841 /* FormDatePicker.swift */,
				6B21A4C021E4F11400568841 /* FormDatePickerContent.xib */,
				6B21A4C221E502E000568841 /* FormSwitch.swift */,
				6B21A4C421E503BE00568841 /* FormSwitchContent.xib */,
			);
			path = Form;
			sourceTree = "<group>";
		};
		6B3973B1220000A1002BB03A /* Pangram */ = {
			isa = PBXGroup;
			children = (
				6B3973B2220000EC002BB03A /* PangramViewController.swift */,
				6B3973B4220000EC002BB03A /* PangramViewController.xib */,
				6B3973B3220000EC002BB03A /* PangramLabel.swift */,
			);
			path = Pangram;
			sourceTree = "<group>";
		};
		6B5A987521E8E9680013BB95 /* Todo */ = {
			isa = PBXGroup;
			children = (
				6B5A987621E8ED220013BB95 /* TodoViewController.swift */,
				6B7BE5BF23245009001EB507 /* TodoSwipeCellKitAdapter.swift */,
				6B5A987821E8ED740013BB95 /* TodoViewController.xib */,
				6B5A987A21E8EED30013BB95 /* TodoText.swift */,
				6B5A987E21E8F2090013BB95 /* TodoTextContent.xib */,
				6BBC279021ECF91A00446FB7 /* TodoEmpty.swift */,
				6BBC279221ECFE6A00446FB7 /* TodoEmptyContent.xib */,
				6B5A987C21E8F16F0013BB95 /* Todo.swift */,
				6BBC279B21EE2F8200446FB7 /* Deletable.swift */,
			);
			path = Todo;
			sourceTree = "<group>";
		};
		6B5A988221E8F3220013BB95 /* Common */ = {
			isa = PBXGroup;
			children = (
				6B21A4C621E50C0200568841 /* Spacing.swift */,
				6B21A4A621E3AD5300568841 /* Header.swift */,
				6B21A4A821E3ADE700568841 /* HeaderContent.xib */,
				6B09264321FE17B300CFEC2F /* Footer.swift */,
				6B09264521FE183300CFEC2F /* FooterContent.xib */,
				6B6594E621E2650000291AAF /* NibLoadable.swift */,
				6B6594EE21E26A7A00291AAF /* Extensions.swift */,
			);
			path = Common;
			sourceTree = "<group>";
		};
		6B6594C321E2619B00291AAF = {
			isa = PBXGroup;
			children = (
				6B6594CE21E2619B00291AAF /* Sources */,
				6B6594CD21E2619B00291AAF /* Products */,
				6B6594E121E262C400291AAF /* Frameworks */,
				4A86BB19C6009EA031F77B52 /* Pods */,
			);
			sourceTree = "<group>";
		};
		6B6594CD21E2619B00291AAF /* Products */ = {
			isa = PBXGroup;
			children = (
				6B6594CC21E2619B00291AAF /* Example-iOS.app */,
			);
			name = Products;
			sourceTree = "<group>";
		};
		6B6594CE21E2619B00291AAF /* Sources */ = {
			isa = PBXGroup;
			children = (
				6B5A988221E8F3220013BB95 /* Common */,
				6B6594F021E26BCB00291AAF /* Top */,
				6B7ADEF821FDD562003803BE /* Hello */,
				6B3973B1220000A1002BB03A /* Pangram */,
				6BBC279621EE2B8100446FB7 /* Kyoto */,
				6BBC27AF21EF87CE00446FB7 /* Emoji */,
				6B5A987521E8E9680013BB95 /* Todo */,
				6B21A49D21E3A63A00568841 /* Form */,
				6B6594CF21E2619B00291AAF /* AppDelegate.swift */,
				6B6594D621E2619E00291AAF /* Assets.xcassets */,
				6B6594D821E2619E00291AAF /* LaunchScreen.storyboard */,
				6B6594DB21E2619E00291AAF /* Info.plist */,
			);
			path = Sources;
			sourceTree = "<group>";
		};
		6B6594E121E262C400291AAF /* Frameworks */ = {
			isa = PBXGroup;
			children = (
				6B6594F721E272D500291AAF /* DifferenceKit.framework */,
				6B6594E221E262C400291AAF /* Carbon.framework */,
				C676BFED3D0A58EBFA76D7DA /* Pods_Example_iOS.framework */,
			);
			name = Frameworks;
			sourceTree = "<group>";
		};
		6B6594F021E26BCB00291AAF /* Top */ = {
			isa = PBXGroup;
			children = (
				6B6594D121E2619B00291AAF /* HomeViewController.swift */,
				6B6594E421E2644500291AAF /* HomeViewController.xib */,
				6B6594E821E2655400291AAF /* HomeItem.swift */,
				6B6594EC21E2659500291AAF /* HomeItemContent.xib */,
			);
			path = Top;
			sourceTree = "<group>";
		};
		6B7ADEF821FDD562003803BE /* Hello */ = {
			isa = PBXGroup;
			children = (
				6B7ADEF921FDD5D3003803BE /* HelloViewController.swift */,
				6B7ADEFB21FDD77A003803BE /* HelloViewController.xib */,
				6B7ADF0121FDEEC7003803BE /* HelloMessage.swift */,
				6B7ADEFF21FDE3F2003803BE /* HelloMessageContent.xib */,
			);
			path = Hello;
			sourceTree = "<group>";
		};
		6BBC279621EE2B8100446FB7 /* Kyoto */ = {
			isa = PBXGroup;
			children = (
				6BBC279721EE2B9A00446FB7 /* KyotoViewController.swift */,
				6B7BE5BD23244FEF001EB507 /* KyotoMagazineLayoutAdapter.swift */,
				6BBC279921EE2C7500446FB7 /* KyotoViewController.xib */,
				6BBC279D21EE326000446FB7 /* KyotoTop.swift */,
				6BBC279F21EE335A00446FB7 /* KyotoTopContent.xib */,
				6BBC27A521EE451D00446FB7 /* KyotoImage.swift */,
				6BBC27A721EE45FA00446FB7 /* KyotoImageContent.xib */,
				6BBC27AB21EE5BFE00446FB7 /* KyotoLicense.swift */,
				6BBC27AD21EE5C7100446FB7 /* KyotoLicenseContent.xib */,
			);
			path = Kyoto;
			sourceTree = "<group>";
		};
		6BBC27AF21EF87CE00446FB7 /* Emoji */ = {
			isa = PBXGroup;
			children = (
				6BBC27B021EF882800446FB7 /* EmojiViewController.swift */,
				6BBC27B421EF8CDB00446FB7 /* EmojiViewController.xib */,
				6BBC27B221EF8A6600446FB7 /* EmojiLabel.swift */,
				6BBC27B621EF8D4D00446FB7 /* EmojiLabelContent.xib */,
			);
			path = Emoji;
			sourceTree = "<group>";
		};
/* End PBXGroup section */

/* Begin PBXNativeTarget section */
		6B6594CB21E2619B00291AAF /* Example-iOS */ = {
			isa = PBXNativeTarget;
			buildConfigurationList = 6B6594DE21E2619E00291AAF /* Build configuration list for PBXNativeTarget "Example-iOS" */;
			buildPhases = (
				B42E1DF0DCAF8D02E3E2C6FD /* [CP] Check Pods Manifest.lock */,
				6B6594C821E2619B00291AAF /* Sources */,
				6B6594C921E2619B00291AAF /* Frameworks */,
				6B6594CA21E2619B00291AAF /* Resources */,
				6B7ADEF521FDC40B003803BE /* SwiftLint */,
				BF42A6766E4C867797999EB1 /* [CP] Embed Pods Frameworks */,
			);
			buildRules = (
			);
			dependencies = (
			);
			name = "Example-iOS";
			productName = "Example-iOS";
			productReference = 6B6594CC21E2619B00291AAF /* Example-iOS.app */;
			productType = "com.apple.product-type.application";
		};
/* End PBXNativeTarget section */

/* Begin PBXProject section */
		6B6594C421E2619B00291AAF /* Project object */ = {
			isa = PBXProject;
			attributes = {
				LastSwiftUpdateCheck = 1010;
				LastUpgradeCheck = 1010;
				ORGANIZATIONNAME = "Ryo Aoyama";
				TargetAttributes = {
					6B6594CB21E2619B00291AAF = {
						CreatedOnToolsVersion = 10.1;
						LastSwiftMigration = 1020;
					};
				};
			};
			buildConfigurationList = 6B6594C721E2619B00291AAF /* Build configuration list for PBXProject "Example-iOS" */;
			compatibilityVersion = "Xcode 9.3";
			developmentRegion = en;
			hasScannedForEncodings = 0;
			knownRegions = (
				en,
				Base,
			);
			mainGroup = 6B6594C321E2619B00291AAF;
			productRefGroup = 6B6594CD21E2619B00291AAF /* Products */;
			projectDirPath = "";
			projectRoot = "";
			targets = (
				6B6594CB21E2619B00291AAF /* Example-iOS */,
			);
		};
/* End PBXProject section */

/* Begin PBXResourcesBuildPhase section */
		6B6594CA21E2619B00291AAF /* Resources */ = {
			isa = PBXResourcesBuildPhase;
			buildActionMask = 2147483647;
			files = (
				6BBC27B721EF8D4D00446FB7 /* EmojiLabelContent.xib in Resources */,
				6B21A49521E279AB00568841 /* Assets.xcassets in Resources */,
				6B3973B7220000EC002BB03A /* PangramViewController.xib in Resources */,
				6B6594ED21E2659500291AAF /* HomeItemContent.xib in Resources */,
				6B6594E521E2644500291AAF /* HomeViewController.xib in Resources */,
				6BBC27B521EF8CDC00446FB7 /* EmojiViewController.xib in Resources */,
				6B5A987921E8ED740013BB95 /* TodoViewController.xib in Resources */,
				6BBC27AE21EE5C7100446FB7 /* KyotoLicenseContent.xib in Resources */,
				6BBC27A021EE335A00446FB7 /* KyotoTopContent.xib in Resources */,
				6B21A4AD21E3AFE900568841 /* FormTextPickerContent.xib in Resources */,
				6BBC279321ECFE6A00446FB7 /* TodoEmptyContent.xib in Resources */,
				6B21A4B521E3BC8D00568841 /* FormTextViewContent.xib in Resources */,
				6B5A987F21E8F2090013BB95 /* TodoTextContent.xib in Resources */,
				6B21A4A121E3A76200568841 /* FormViewController.xib in Resources */,
				6B6594DA21E2619E00291AAF /* LaunchScreen.storyboard in Resources */,
				6B21A4C121E4F11400568841 /* FormDatePickerContent.xib in Resources */,
				6B21A4A321E3A81C00568841 /* FormTextFieldContent.xib in Resources */,
				6B21A4A921E3ADE700568841 /* HeaderContent.xib in Resources */,
				6BBC279A21EE2C7500446FB7 /* KyotoViewController.xib in Resources */,
				6B7ADF0021FDE3F2003803BE /* HelloMessageContent.xib in Resources */,
				6B21A4AF21E3B52500568841 /* FormLabelContent.xib in Resources */,
				6B09264621FE183300CFEC2F /* FooterContent.xib in Resources */,
				6BBC27A821EE45FA00446FB7 /* KyotoImageContent.xib in Resources */,
				6B21A4C521E503BE00568841 /* FormSwitchContent.xib in Resources */,
				6B7ADEFC21FDD77A003803BE /* HelloViewController.xib in Resources */,
			);
			runOnlyForDeploymentPostprocessing = 0;
		};
/* End PBXResourcesBuildPhase section */

/* Begin PBXShellScriptBuildPhase section */
		6B7ADEF521FDC40B003803BE /* SwiftLint */ = {
			isa = PBXShellScriptBuildPhase;
			buildActionMask = 2147483647;
			files = (
			);
			inputFileListPaths = (
			);
			inputPaths = (
			);
			name = SwiftLint;
			outputFileListPaths = (
			);
			outputPaths = (
			);
			runOnlyForDeploymentPostprocessing = 0;
			shellPath = /bin/sh;
			shellScript = "if which swiftlint >/dev/null; then\nswiftlint --config ../../.swiftlint.yml\nelse\necho \"warning: SwiftLint not installed, download from https://github.com/realm/SwiftLint\"\nfi\n";
		};
		B42E1DF0DCAF8D02E3E2C6FD /* [CP] Check Pods Manifest.lock */ = {
			isa = PBXShellScriptBuildPhase;
			buildActionMask = 2147483647;
			files = (
			);
			inputFileListPaths = (
			);
			inputPaths = (
				"${PODS_PODFILE_DIR_PATH}/Podfile.lock",
				"${PODS_ROOT}/Manifest.lock",
			);
			name = "[CP] Check Pods Manifest.lock";
			outputFileListPaths = (
			);
			outputPaths = (
				"$(DERIVED_FILE_DIR)/Pods-Example-iOS-checkManifestLockResult.txt",
			);
			runOnlyForDeploymentPostprocessing = 0;
			shellPath = /bin/sh;
			shellScript = "diff \"${PODS_PODFILE_DIR_PATH}/Podfile.lock\" \"${PODS_ROOT}/Manifest.lock\" > /dev/null\nif [ $? != 0 ] ; then\n    # print error to STDERR\n    echo \"error: The sandbox is not in sync with the Podfile.lock. Run 'pod install' or update your CocoaPods installation.\" >&2\n    exit 1\nfi\n# This output is used by Xcode 'outputs' to avoid re-running this script phase.\necho \"SUCCESS\" > \"${SCRIPT_OUTPUT_FILE_0}\"\n";
			showEnvVarsInLog = 0;
		};
		BF42A6766E4C867797999EB1 /* [CP] Embed Pods Frameworks */ = {
			isa = PBXShellScriptBuildPhase;
			buildActionMask = 2147483647;
			files = (
			);
			inputFileListPaths = (
				"${PODS_ROOT}/Target Support Files/Pods-Example-iOS/Pods-Example-iOS-frameworks-${CONFIGURATION}-input-files.xcfilelist",
			);
			name = "[CP] Embed Pods Frameworks";
			outputFileListPaths = (
				"${PODS_ROOT}/Target Support Files/Pods-Example-iOS/Pods-Example-iOS-frameworks-${CONFIGURATION}-output-files.xcfilelist",
			);
			runOnlyForDeploymentPostprocessing = 0;
			shellPath = /bin/sh;
			shellScript = "\"${PODS_ROOT}/Target Support Files/Pods-Example-iOS/Pods-Example-iOS-frameworks.sh\"\n";
			showEnvVarsInLog = 0;
		};
/* End PBXShellScriptBuildPhase section */

/* Begin PBXSourcesBuildPhase section */
		6B6594C821E2619B00291AAF /* Sources */ = {
			isa = PBXSourcesBuildPhase;
			buildActionMask = 2147483647;
			files = (
				6B21A4B121E3B58700568841 /* FormLabel.swift in Sources */,
				6B21A4A721E3AD5300568841 /* Header.swift in Sources */,
				6B21A49F21E3A67200568841 /* FormViewController.swift in Sources */,
				6B5A987B21E8EED30013BB95 /* TodoText.swift in Sources */,
				6BBC279121ECF91A00446FB7 /* TodoEmpty.swift in Sources */,
				6B6594E721E2650000291AAF /* NibLoadable.swift in Sources */,
				6B3973B6220000EC002BB03A /* PangramLabel.swift in Sources */,
				6BBC27B321EF8A6600446FB7 /* EmojiLabel.swift in Sources */,
				6BBC279C21EE2F8200446FB7 /* Deletable.swift in Sources */,
				6B21A4B321E3BABF00568841 /* FormTextView.swift in Sources */,
				6B6594EF21E26A7A00291AAF /* Extensions.swift in Sources */,
				6B6594D221E2619B00291AAF /* HomeViewController.swift in Sources */,
				6BBC27AC21EE5BFE00446FB7 /* KyotoLicense.swift in Sources */,
				6B3973B5220000EC002BB03A /* PangramViewController.swift in Sources */,
				6B21A4C721E50C0200568841 /* Spacing.swift in Sources */,
				6B21A4BD21E4EFC700568841 /* FormDatePicker.swift in Sources */,
				6B21A4AB21E3AF4700568841 /* FormTextPicker.swift in Sources */,
				6BBC27A621EE451D00446FB7 /* KyotoImage.swift in Sources */,
				6B5A987721E8ED220013BB95 /* TodoViewController.swift in Sources */,
				6BBC27B121EF882800446FB7 /* EmojiViewController.swift in Sources */,
				6B7ADEFA21FDD5D3003803BE /* HelloViewController.swift in Sources */,
				6BBC279E21EE326000446FB7 /* KyotoTop.swift in Sources */,
				6B6594E921E2655400291AAF /* HomeItem.swift in Sources */,
				6B7BE5BE23244FEF001EB507 /* KyotoMagazineLayoutAdapter.swift in Sources */,
				6B7ADF0221FDEEC7003803BE /* HelloMessage.swift in Sources */,
				6BBC279821EE2B9A00446FB7 /* KyotoViewController.swift in Sources */,
				6B09264421FE17B300CFEC2F /* Footer.swift in Sources */,
				6B21A4C321E502E000568841 /* FormSwitch.swift in Sources */,
				6B21A4A521E3A92F00568841 /* FormTextField.swift in Sources */,
				6B5A987D21E8F16F0013BB95 /* Todo.swift in Sources */,
				6B6594D021E2619B00291AAF /* AppDelegate.swift in Sources */,
				6B7BE5C02324500A001EB507 /* TodoSwipeCellKitAdapter.swift in Sources */,
			);
			runOnlyForDeploymentPostprocessing = 0;
		};
/* End PBXSourcesBuildPhase section */

/* Begin PBXVariantGroup section */
		6B6594D821E2619E00291AAF /* LaunchScreen.storyboard */ = {
			isa = PBXVariantGroup;
			children = (
				6B6594D921E2619E00291AAF /* Base */,
			);
			name = LaunchScreen.storyboard;
			sourceTree = "<group>";
		};
/* End PBXVariantGroup section */

/* Begin XCBuildConfiguration section */
		6B6594DC21E2619E00291AAF /* Debug */ = {
			isa = XCBuildConfiguration;
			buildSettings = {
				ALWAYS_SEARCH_USER_PATHS = NO;
				CLANG_ANALYZER_NONNULL = YES;
				CLANG_ANALYZER_NUMBER_OBJECT_CONVERSION = YES_AGGRESSIVE;
				CLANG_CXX_LANGUAGE_STANDARD = "gnu++14";
				CLANG_CXX_LIBRARY = "libc++";
				CLANG_ENABLE_MODULES = YES;
				CLANG_ENABLE_OBJC_ARC = YES;
				CLANG_ENABLE_OBJC_WEAK = YES;
				CLANG_WARN_BLOCK_CAPTURE_AUTORELEASING = YES;
				CLANG_WARN_BOOL_CONVERSION = YES;
				CLANG_WARN_COMMA = YES;
				CLANG_WARN_CONSTANT_CONVERSION = YES;
				CLANG_WARN_DEPRECATED_OBJC_IMPLEMENTATIONS = YES;
				CLANG_WARN_DIRECT_OBJC_ISA_USAGE = YES_ERROR;
				CLANG_WARN_DOCUMENTATION_COMMENTS = YES;
				CLANG_WARN_EMPTY_BODY = YES;
				CLANG_WARN_ENUM_CONVERSION = YES;
				CLANG_WARN_INFINITE_RECURSION = YES;
				CLANG_WARN_INT_CONVERSION = YES;
				CLANG_WARN_NON_LITERAL_NULL_CONVERSION = YES;
				CLANG_WARN_OBJC_IMPLICIT_RETAIN_SELF = YES;
				CLANG_WARN_OBJC_LITERAL_CONVERSION = YES;
				CLANG_WARN_OBJC_ROOT_CLASS = YES_ERROR;
				CLANG_WARN_RANGE_LOOP_ANALYSIS = YES;
				CLANG_WARN_STRICT_PROTOTYPES = YES;
				CLANG_WARN_SUSPICIOUS_MOVE = YES;
				CLANG_WARN_UNGUARDED_AVAILABILITY = YES_AGGRESSIVE;
				CLANG_WARN_UNREACHABLE_CODE = YES;
				CLANG_WARN__DUPLICATE_METHOD_MATCH = YES;
				CODE_SIGN_IDENTITY = "iPhone Developer";
				COPY_PHASE_STRIP = NO;
				DEBUG_INFORMATION_FORMAT = dwarf;
				ENABLE_STRICT_OBJC_MSGSEND = YES;
				ENABLE_TESTABILITY = YES;
				GCC_C_LANGUAGE_STANDARD = gnu11;
				GCC_DYNAMIC_NO_PIC = NO;
				GCC_NO_COMMON_BLOCKS = YES;
				GCC_OPTIMIZATION_LEVEL = 0;
				GCC_PREPROCESSOR_DEFINITIONS = (
					"DEBUG=1",
					"$(inherited)",
				);
				GCC_WARN_64_TO_32_BIT_CONVERSION = YES;
				GCC_WARN_ABOUT_RETURN_TYPE = YES_ERROR;
				GCC_WARN_UNDECLARED_SELECTOR = YES;
				GCC_WARN_UNINITIALIZED_AUTOS = YES_AGGRESSIVE;
				GCC_WARN_UNUSED_FUNCTION = YES;
				GCC_WARN_UNUSED_VARIABLE = YES;
				IPHONEOS_DEPLOYMENT_TARGET = 12.0;
				MTL_ENABLE_DEBUG_INFO = INCLUDE_SOURCE;
				MTL_FAST_MATH = YES;
				ONLY_ACTIVE_ARCH = YES;
				SDKROOT = iphoneos;
				SWIFT_ACTIVE_COMPILATION_CONDITIONS = DEBUG;
				SWIFT_OPTIMIZATION_LEVEL = "-Onone";
			};
			name = Debug;
		};
		6B6594DD21E2619E00291AAF /* Release */ = {
			isa = XCBuildConfiguration;
			buildSettings = {
				ALWAYS_SEARCH_USER_PATHS = NO;
				CLANG_ANALYZER_NONNULL = YES;
				CLANG_ANALYZER_NUMBER_OBJECT_CONVERSION = YES_AGGRESSIVE;
				CLANG_CXX_LANGUAGE_STANDARD = "gnu++14";
				CLANG_CXX_LIBRARY = "libc++";
				CLANG_ENABLE_MODULES = YES;
				CLANG_ENABLE_OBJC_ARC = YES;
				CLANG_ENABLE_OBJC_WEAK = YES;
				CLANG_WARN_BLOCK_CAPTURE_AUTORELEASING = YES;
				CLANG_WARN_BOOL_CONVERSION = YES;
				CLANG_WARN_COMMA = YES;
				CLANG_WARN_CONSTANT_CONVERSION = YES;
				CLANG_WARN_DEPRECATED_OBJC_IMPLEMENTATIONS = YES;
				CLANG_WARN_DIRECT_OBJC_ISA_USAGE = YES_ERROR;
				CLANG_WARN_DOCUMENTATION_COMMENTS = YES;
				CLANG_WARN_EMPTY_BODY = YES;
				CLANG_WARN_ENUM_CONVERSION = YES;
				CLANG_WARN_INFINITE_RECURSION = YES;
				CLANG_WARN_INT_CONVERSION = YES;
				CLANG_WARN_NON_LITERAL_NULL_CONVERSION = YES;
				CLANG_WARN_OBJC_IMPLICIT_RETAIN_SELF = YES;
				CLANG_WARN_OBJC_LITERAL_CONVERSION = YES;
				CLANG_WARN_OBJC_ROOT_CLASS = YES_ERROR;
				CLANG_WARN_RANGE_LOOP_ANALYSIS = YES;
				CLANG_WARN_STRICT_PROTOTYPES = YES;
				CLANG_WARN_SUSPICIOUS_MOVE = YES;
				CLANG_WARN_UNGUARDED_AVAILABILITY = YES_AGGRESSIVE;
				CLANG_WARN_UNREACHABLE_CODE = YES;
				CLANG_WARN__DUPLICATE_METHOD_MATCH = YES;
				CODE_SIGN_IDENTITY = "iPhone Developer";
				COPY_PHASE_STRIP = NO;
				DEBUG_INFORMATION_FORMAT = "dwarf-with-dsym";
				ENABLE_NS_ASSERTIONS = NO;
				ENABLE_STRICT_OBJC_MSGSEND = YES;
				GCC_C_LANGUAGE_STANDARD = gnu11;
				GCC_NO_COMMON_BLOCKS = YES;
				GCC_WARN_64_TO_32_BIT_CONVERSION = YES;
				GCC_WARN_ABOUT_RETURN_TYPE = YES_ERROR;
				GCC_WARN_UNDECLARED_SELECTOR = YES;
				GCC_WARN_UNINITIALIZED_AUTOS = YES_AGGRESSIVE;
				GCC_WARN_UNUSED_FUNCTION = YES;
				GCC_WARN_UNUSED_VARIABLE = YES;
				IPHONEOS_DEPLOYMENT_TARGET = 12.0;
				MTL_ENABLE_DEBUG_INFO = NO;
				MTL_FAST_MATH = YES;
				SDKROOT = iphoneos;
				SWIFT_COMPILATION_MODE = wholemodule;
				SWIFT_OPTIMIZATION_LEVEL = "-O";
				VALIDATE_PRODUCT = YES;
			};
			name = Release;
		};
		6B6594DF21E2619E00291AAF /* Debug */ = {
			isa = XCBuildConfiguration;
			baseConfigurationReference = CA7767A4E02CFCA79CE0E01E /* Pods-Example-iOS.debug.xcconfig */;
			buildSettings = {
				ASSETCATALOG_COMPILER_APPICON_NAME = AppIcon;
				ASSETCATALOG_NOTICES = YES;
				ASSETCATALOG_WARNINGS = YES;
				CODE_SIGN_IDENTITY = "iPhone Developer";
				CODE_SIGN_STYLE = Manual;
				DEVELOPMENT_TEAM = "";
				INFOPLIST_FILE = "$(SRCROOT)/Sources/Info.plist";
				IPHONEOS_DEPLOYMENT_TARGET = 13.0;
				LD_RUNPATH_SEARCH_PATHS = (
					"$(inherited)",
					"@executable_path/Frameworks",
				);
				PRODUCT_BUNDLE_IDENTIFIER = "com.ryo.Example-iOS";
				PRODUCT_NAME = "$(TARGET_NAME)";
				PROVISIONING_PROFILE_SPECIFIER = "";
				SWIFT_VERSION = 5.0;
				TARGETED_DEVICE_FAMILY = "1,2";
			};
			name = Debug;
		};
		6B6594E021E2619E00291AAF /* Release */ = {
			isa = XCBuildConfiguration;
			baseConfigurationReference = 21CAE3C8FFB1A0F4BD270D3B /* Pods-Example-iOS.release.xcconfig */;
			buildSettings = {
				ASSETCATALOG_COMPILER_APPICON_NAME = AppIcon;
				ASSETCATALOG_NOTICES = YES;
				ASSETCATALOG_WARNINGS = YES;
				CODE_SIGN_IDENTITY = "iPhone Developer";
				CODE_SIGN_STYLE = Manual;
				DEVELOPMENT_TEAM = "";
				INFOPLIST_FILE = "$(SRCROOT)/Sources/Info.plist";
				IPHONEOS_DEPLOYMENT_TARGET = 13.0;
				LD_RUNPATH_SEARCH_PATHS = (
					"$(inherited)",
					"@executable_path/Frameworks",
				);
				PRODUCT_BUNDLE_IDENTIFIER = "com.ryo.Example-iOS";
				PRODUCT_NAME = "$(TARGET_NAME)";
				PROVISIONING_PROFILE_SPECIFIER = "";
				SWIFT_VERSION = 5.0;
				TARGETED_DEVICE_FAMILY = "1,2";
			};
			name = Release;
		};
/* End XCBuildConfiguration section */

/* Begin XCConfigurationList section */
		6B6594C721E2619B00291AAF /* Build configuration list for PBXProject "Example-iOS" */ = {
			isa = XCConfigurationList;
			buildConfigurations = (
				6B6594DC21E2619E00291AAF /* Debug */,
				6B6594DD21E2619E00291AAF /* Release */,
			);
			defaultConfigurationIsVisible = 0;
			defaultConfigurationName = Release;
		};
		6B6594DE21E2619E00291AAF /* Build configuration list for PBXNativeTarget "Example-iOS" */ = {
			isa = XCConfigurationList;
			buildConfigurations = (
				6B6594DF21E2619E00291AAF /* Debug */,
				6B6594E021E2619E00291AAF /* Release */,
			);
			defaultConfigurationIsVisible = 0;
			defaultConfigurationName = Release;
		};
/* End XCConfigurationList section */
	};
	rootObject = 6B6594C421E2619B00291AAF /* Project object */;
}
